// !$*UTF8*$!
{
	archiveVersion = 1;
	classes = {
	};
	objectVersion = 50;
	objects = {

/* Begin PBXBuildFile section */
		F45509F127DEFB6D00FF0750 /* AppDelegate.swift in Sources */ = {isa = PBXBuildFile; fileRef = F45509F027DEFB6D00FF0750 /* AppDelegate.swift */; };
		F45509F327DEFB6E00FF0750 /* SceneDelegate.swift in Sources */ = {isa = PBXBuildFile; fileRef = F45509F227DEFB6E00FF0750 /* SceneDelegate.swift */; };
		F45509F527DEFB6E00FF0750 /* ViewController.swift in Sources */ = {isa = PBXBuildFile; fileRef = F45509F427DEFB6E00FF0750 /* ViewController.swift */; };
		F45509F827DEFB6E00FF0750 /* Main.storyboard in Resources */ = {isa = PBXBuildFile; fileRef = F45509F627DEFB6E00FF0750 /* Main.storyboard */; };
		F45509FA27DEFB7400FF0750 /* Assets.xcassets in Resources */ = {isa = PBXBuildFile; fileRef = F45509F927DEFB7400FF0750 /* Assets.xcassets */; };
		F45509FD27DEFB7400FF0750 /* LaunchScreen.storyboard in Resources */ = {isa = PBXBuildFile; fileRef = F45509FB27DEFB7400FF0750 /* LaunchScreen.storyboard */; };
/* End PBXBuildFile section */

/* Begin PBXFileReference section */
		F45509ED27DEFB6D00FF0750 /* gesturesApp.app */ = {isa = PBXFileReference; explicitFileType = wrapper.application; includeInIndex = 0; path = gesturesApp.app; sourceTree = BUILT_PRODUCTS_DIR; };
		F45509F027DEFB6D00FF0750 /* AppDelegate.swift */ = {isa = PBXFileReference; lastKnownFileType = sourcecode.swift; path = AppDelegate.swift; sourceTree = "<group>"; };
		F45509F227DEFB6E00FF0750 /* SceneDelegate.swift */ = {isa = PBXFileReference; lastKnownFileType = sourcecode.swift; path = SceneDelegate.swift; sourceTree = "<group>"; };
		F45509F427DEFB6E00FF0750 /* ViewController.swift */ = {isa = PBXFileReference; lastKnownFileType = sourcecode.swift; path = ViewController.swift; sourceTree = "<group>"; };
		F45509F727DEFB6E00FF0750 /* Base */ = {isa = PBXFileReference; lastKnownFileType = file.storyboard; name = Base; path = Base.lproj/Main.storyboard; sourceTree = "<group>"; };
		F45509F927DEFB7400FF0750 /* Assets.xcassets */ = {isa = PBXFileReference; lastKnownFileType = folder.assetcatalog; path = Assets.xcassets; sourceTree = "<group>"; };
		F45509FC27DEFB7400FF0750 /* Base */ = {isa = PBXFileReference; lastKnownFileType = file.storyboard; name = Base; path = Base.lproj/LaunchScreen.storyboard; sourceTree = "<group>"; };
		F45509FE27DEFB7400FF0750 /* Info.plist */ = {isa = PBXFileReference; lastKnownFileType = text.plist.xml; path = Info.plist; sourceTree = "<group>"; };
/* End PBXFileReference section */

/* Begin PBXFrameworksBuildPhase section */
		F45509EA27DEFB6D00FF0750 /* Frameworks */ = {
			isa = PBXFrameworksBuildPhase;
			buildActionMask = 2147483647;
			files = (
			);
			runOnlyForDeploymentPostprocessing = 0;
		};
/* End PBXFrameworksBuildPhase section */

/* Begin PBXGroup section */
		F45509E427DEFB6D00FF0750 = {
			isa = PBXGroup;
			children = (
				F45509EF27DEFB6D00FF0750 /* gesturesApp */,
				F45509EE27DEFB6D00FF0750 /* Products */,
			);
			sourceTree = "<group>";
		};
		F45509EE27DEFB6D00FF0750 /* Products */ = {
			isa = PBXGroup;
			children = (
				F45509ED27DEFB6D00FF0750 /* gesturesApp.app */,
			);
			name = Products;
			sourceTree = "<group>";
		};
		F45509EF27DEFB6D00FF0750 /* gesturesApp */ = {
			isa = PBXGroup;
			children = (
				F45509F027DEFB6D00FF0750 /* AppDelegate.swift */,
				F45509F227DEFB6E00FF0750 /* SceneDelegate.swift */,
				F45509F427DEFB6E00FF0750 /* ViewController.swift */,
				F45509F627DEFB6E00FF0750 /* Main.storyboard */,
				F45509F927DEFB7400FF0750 /* Assets.xcassets */,
				F45509FB27DEFB7400FF0750 /* LaunchScreen.storyboard */,
				F45509FE27DEFB7400FF0750 /* Info.plist */,
			);
			path = gesturesApp;
			sourceTree = "<group>";
		};
/* End PBXGroup section */

/* Begin PBXNativeTarget section */
		F45509EC27DEFB6D00FF0750 /* gesturesApp */ = {
			isa = PBXNativeTarget;
			buildConfigurationList = F4550A0127DEFB7400FF0750 /* Build configuration list for PBXNativeTarget "gesturesApp" */;
			buildPhases = (
				F45509E927DEFB6D00FF0750 /* Sources */,
				F45509EA27DEFB6D00FF0750 /* Frameworks */,
				F45509EB27DEFB6D00FF0750 /* Resources */,
			);
			buildRules = (
			);
			dependencies = (
			);
			name = gesturesApp;
			productName = gesturesApp;
			productReference = F45509ED27DEFB6D00FF0750 /* gesturesApp.app */;
			productType = "com.apple.product-type.application";
		};
/* End PBXNativeTarget section */

/* Begin PBXProject section */
		F45509E527DEFB6D00FF0750 /* Project object */ = {
			isa = PBXProject;
			attributes = {
				LastSwiftUpdateCheck = 1150;
				LastUpgradeCheck = 1150;
				ORGANIZATIONNAME = RF;
				TargetAttributes = {
					F45509EC27DEFB6D00FF0750 = {
						CreatedOnToolsVersion = 11.5;
					};
				};
			};
			buildConfigurationList = F45509E827DEFB6D00FF0750 /* Build configuration list for PBXProject "gesturesApp" */;
			compatibilityVersion = "Xcode 9.3";
			developmentRegion = en;
			hasScannedForEncodings = 0;
			knownRegions = (
				en,
				Base,
			);
			mainGroup = F45509E427DEFB6D00FF0750;
			productRefGroup = F45509EE27DEFB6D00FF0750 /* Products */;
			projectDirPath = "";
			projectRoot = "";
			targets = (
				F45509EC27DEFB6D00FF0750 /* gesturesApp */,
			);
		};
/* End PBXProject section */

/* Begin PBXResourcesBuildPhase section */
		F45509EB27DEFB6D00FF0750 /* Resources */ = {
			isa = PBXResourcesBuildPhase;
			buildActionMask = 2147483647;
			files = (
				F45509FD27DEFB7400FF0750 /* LaunchScreen.storyboard in Resources */,
				F45509FA27DEFB7400FF0750 /* Assets.xcassets in Resources */,
				F45509F827DEFB6E00FF0750 /* Main.storyboard in Resources */,
			);
			runOnlyForDeploymentPostprocessing = 0;
		};
/* End PBXResourcesBuildPhase section */

/* Begin PBXSourcesBuildPhase section */
		F45509E927DEFB6D00FF0750 /* Sources */ = {
			isa = PBXSourcesBuildPhase;
			buildActionMask = 2147483647;
			files = (
				F45509F527DEFB6E00FF0750 /* ViewController.swift in Sources */,
				F45509F127DEFB6D00FF0750 /* AppDelegate.swift in Sources */,
				F45509F327DEFB6E00FF0750 /* SceneDelegate.swift in Sources */,
			);
			runOnlyForDeploymentPostprocessing = 0;
		};
/* End PBXSourcesBuildPhase section */

/* Begin PBXVariantGroup section */
		F45509F627DEFB6E00FF0750 /* Main.storyboard */ = {
			isa = PBXVariantGroup;
			children = (
				F45509F727DEFB6E00FF0750 /* Base */,
			);
			name = Main.storyboard;
			sourceTree = "<group>";
		};
		F45509FB27DEFB7400FF0750 /* LaunchScreen.storyboard */ = {
			isa = PBXVariantGroup;
			children = (
				F45509FC27DEFB7400FF0750 /* Base */,
			);
			name = LaunchScreen.storyboard;
			sourceTree = "<group>";
		};
/* End PBXVariantGroup section */

/* Begin XCBuildConfiguration section */
		F45509FF27DEFB7400FF0750 /* Debug */ = {
			isa = XCBuildConfiguration;
			buildSettings = {
				ALWAYS_SEARCH_USER_PATHS = NO;
				CLANG_ANALYZER_NONNULL = YES;
				CLANG_ANALYZER_NUMBER_OBJECT_CONVERSION = YES_AGGRESSIVE;
				CLANG_CXX_LANGUAGE_STANDARD = "gnu++14";
				CLANG_CXX_LIBRARY = "libc++";
				CLANG_ENABLE_MODULES = YES;
				CLANG_ENABLE_OBJC_ARC = YES;
				CLANG_ENABLE_OBJC_WEAK = YES;
				CLANG_WARN_BLOCK_CAPTURE_AUTORELEASING = YES;
				CLANG_WARN_BOOL_CONVERSION = YES;
				CLANG_WARN_COMMA = YES;
				CLANG_WARN_CONSTANT_CONVERSION = YES;
				CLANG_WARN_DEPRECATED_OBJC_IMPLEMENTATIONS = YES;
				CLANG_WARN_DIRECT_OBJC_ISA_USAGE = YES_ERROR;
				CLANG_WARN_DOCUMENTATION_COMMENTS = YES;
				CLANG_WARN_EMPTY_BODY = YES;
				CLANG_WARN_ENUM_CONVERSION = YES;
				CLANG_WARN_INFINITE_RECURSION = YES;
				CLANG_WARN_INT_CONVERSION = YES;
				CLANG_WARN_NON_LITERAL_NULL_CONVERSION = YES;
				CLANG_WARN_OBJC_IMPLICIT_RETAIN_SELF = YES;
				CLANG_WARN_OBJC_LITERAL_CONVERSION = YES;
				CLANG_WARN_OBJC_ROOT_CLASS = YES_ERROR;
				CLANG_WARN_RANGE_LOOP_ANALYSIS = YES;
				CLANG_WARN_STRICT_PROTOTYPES = YES;
				CLANG_WARN_SUSPICIOUS_MOVE = YES;
				CLANG_WARN_UNGUARDED_AVAILABILITY = YES_AGGRESSIVE;
				CLANG_WARN_UNREACHABLE_CODE = YES;
				CLANG_WARN__DUPLICATE_METHOD_MATCH = YES;
				COPY_PHASE_STRIP = NO;
				DEBUG_INFORMATION_FORMAT = dwarf;
				ENABLE_STRICT_OBJC_MSGSEND = YES;
				ENABLE_TESTABILITY = YES;
				GCC_C_LANGUAGE_STANDARD = gnu11;
				GCC_DYNAMIC_NO_PIC = NO;
				GCC_NO_COMMON_BLOCKS = YES;
				GCC_OPTIMIZATION_LEVEL = 0;
				GCC_PREPROCESSOR_DEFINITIONS = (
					"DEBUG=1",
					"$(inherited)",
				);
				GCC_WARN_64_TO_32_BIT_CONVERSION = YES;
				GCC_WARN_ABOUT_RETURN_TYPE = YES_ERROR;
				GCC_WARN_UNDECLARED_SELECTOR = YES;
				GCC_WARN_UNINITIALIZED_AUTOS = YES_AGGRESSIVE;
				GCC_WARN_UNUSED_FUNCTION = YES;
				GCC_WARN_UNUSED_VARIABLE = YES;
				IPHONEOS_DEPLOYMENT_TARGET = 13.5;
				MTL_ENABLE_DEBUG_INFO = INCLUDE_SOURCE;
				MTL_FAST_MATH = YES;
				ONLY_ACTIVE_ARCH = YES;
				SDKROOT = iphoneos;
				SWIFT_ACTIVE_COMPILATION_CONDITIONS = DEBUG;
				SWIFT_OPTIMIZATION_LEVEL = "-Onone";
			};
			name = Debug;
		};
		F4550A0027DEFB7400FF0750 /* Release */ = {
			isa = XCBuildConfiguration;
			buildSettings = {
				ALWAYS_SEARCH_USER_PATHS = NO;
				CLANG_ANALYZER_NONNULL = YES;
				CLANG_ANALYZER_NUMBER_OBJECT_CONVERSION = YES_AGGRESSIVE;
				CLANG_CXX_LANGUAGE_STANDARD = "gnu++14";
				CLANG_CXX_LIBRARY = "libc++";
				CLANG_ENABLE_MODULES = YES;
				CLANG_ENABLE_OBJC_ARC = YES;
				CLANG_ENABLE_OBJC_WEAK = YES;
				CLANG_WARN_BLOCK_CAPTURE_AUTORELEASING = YES;
				CLANG_WARN_BOOL_CONVERSION = YES;
				CLANG_WARN_COMMA = YES;
				CLANG_WARN_CONSTANT_CONVERSION = YES;
				CLANG_WARN_DEPRECATED_OBJC_IMPLEMENTATIONS = YES;
				CLANG_WARN_DIRECT_OBJC_ISA_USAGE = YES_ERROR;
				CLANG_WARN_DOCUMENTATION_COMMENTS = YES;
				CLANG_WARN_EMPTY_BODY = YES;
				CLANG_WARN_ENUM_CONVERSION = YES;
				CLANG_WARN_INFINITE_RECURSION = YES;
				CLANG_WARN_INT_CONVERSION = YES;
				CLANG_WARN_NON_LITERAL_NULL_CONVERSION = YES;
				CLANG_WARN_OBJC_IMPLICIT_RETAIN_SELF = YES;
				CLANG_WARN_OBJC_LITERAL_CONVERSION = YES;
				CLANG_WARN_OBJC_ROOT_CLASS = YES_ERROR;
				CLANG_WARN_RANGE_LOOP_ANALYSIS = YES;
				CLANG_WARN_STRICT_PROTOTYPES = YES;
				CLANG_WARN_SUSPICIOUS_MOVE = YES;
				CLANG_WARN_UNGUARDED_AVAILABILITY = YES_AGGRESSIVE;
				CLANG_WARN_UNREACHABLE_CODE = YES;
				CLANG_WARN__DUPLICATE_METHOD_MATCH = YES;
				COPY_PHASE_STRIP = NO;
				DEBUG_INFORMATION_FORMAT = "dwarf-with-dsym";
				ENABLE_NS_ASSERTIONS = NO;
				ENABLE_STRICT_OBJC_MSGSEND = YES;
				GCC_C_LANGUAGE_STANDARD = gnu11;
				GCC_NO_COMMON_BLOCKS = YES;
				GCC_WARN_64_TO_32_BIT_CONVERSION = YES;
				GCC_WARN_ABOUT_RETURN_TYPE = YES_ERROR;
				GCC_WARN_UNDECLARED_SELECTOR = YES;
				GCC_WARN_UNINITIALIZED_AUTOS = YES_AGGRESSIVE;
				GCC_WARN_UNUSED_FUNCTION = YES;
				GCC_WARN_UNUSED_VARIABLE = YES;
				IPHONEOS_DEPLOYMENT_TARGET = 13.5;
				MTL_ENABLE_DEBUG_INFO = NO;
				MTL_FAST_MATH = YES;
				SDKROOT = iphoneos;
				SWIFT_COMPILATION_MODE = wholemodule;
				SWIFT_OPTIMIZATION_LEVEL = "-O";
				VALIDATE_PRODUCT = YES;
			};
			name = Release;
		};
		F4550A0227DEFB7400FF0750 /* Debug */ = {
			isa = XCBuildConfiguration;
			buildSettings = {
				ASSETCATALOG_COMPILER_APPICON_NAME = AppIcon;
				CODE_SIGN_STYLE = Automatic;
				INFOPLIST_FILE = gesturesApp/Info.plist;
				LD_RUNPATH_SEARCH_PATHS = (
					"$(inherited)",
					"@executable_path/Frameworks",
				);
				PRODUCT_BUNDLE_IDENTIFIER = com.unapp.gesturesApp;
				PRODUCT_NAME = "$(TARGET_NAME)";
				SWIFT_VERSION = 5.0;
				TARGETED_DEVICE_FAMILY = "1,2";
			};
			name = Debug;
		};
		F4550A0327DEFB7400FF0750 /* Release */ = {
			isa = XCBuildConfiguration;
			buildSettings = {
				ASSETCATALOG_COMPILER_APPICON_NAME = AppIcon;
				CODE_SIGN_STYLE = Automatic;
				INFOPLIST_FILE = gesturesApp/Info.plist;
				LD_RUNPATH_SEARCH_PATHS = (
					"$(inherited)",
					"@executable_path/Frameworks",
				);
				PRODUCT_BUNDLE_IDENTIFIER = com.unapp.gesturesApp;
				PRODUCT_NAME = "$(TARGET_NAME)";
				SWIFT_VERSION = 5.0;
				TARGETED_DEVICE_FAMILY = "1,2";
			};
			name = Release;
		};
/* End XCBuildConfiguration section */

/* Begin XCConfigurationList section */
		F45509E827DEFB6D00FF0750 /* Build configuration list for PBXProject "gesturesApp" */ = {
			isa = XCConfigurationList;
			buildConfigurations = (
				F45509FF27DEFB7400FF0750 /* Debug */,
				F4550A0027DEFB7400FF0750 /* Release */,
			);
			defaultConfigurationIsVisible = 0;
			defaultConfigurationName = Release;
		};
		F4550A0127DEFB7400FF0750 /* Build configuration list for PBXNativeTarget "gesturesApp" */ = {
			isa = XCConfigurationList;
			buildConfigurations = (
				F4550A0227DEFB7400FF0750 /* Debug */,
				F4550A0327DEFB7400FF0750 /* Release */,
			);
			defaultConfigurationIsVisible = 0;
			defaultConfigurationName = Release;
		};
/* End XCConfigurationList section */
	};
	rootObject = F45509E527DEFB6D00FF0750 /* Project object */;
}
