// !$*UTF8*$!
{
	archiveVersion = 1;
	classes = {
	};
	objectVersion = 50;
	objects = {

/* Begin PBXBuildFile section */
		F4193D4427E6C95200441FEC /* AppDelegate.swift in Sources */ = {isa = PBXBuildFile; fileRef = F4193D4327E6C95200441FEC /* AppDelegate.swift */; };
		F4193D4627E6C95200441FEC /* SceneDelegate.swift in Sources */ = {isa = PBXBuildFile; fileRef = F4193D4527E6C95200441FEC /* SceneDelegate.swift */; };
		F4193D4827E6C95200441FEC /* ViewController.swift in Sources */ = {isa = PBXBuildFile; fileRef = F4193D4727E6C95200441FEC /* ViewController.swift */; };
		F4193D4B27E6C95200441FEC /* Main.storyboard in Resources */ = {isa = PBXBuildFile; fileRef = F4193D4927E6C95200441FEC /* Main.storyboard */; };
		F4193D4D27E6C95300441FEC /* Assets.xcassets in Resources */ = {isa = PBXBuildFile; fileRef = F4193D4C27E6C95300441FEC /* Assets.xcassets */; };
		F4193D5027E6C95300441FEC /* LaunchScreen.storyboard in Resources */ = {isa = PBXBuildFile; fileRef = F4193D4E27E6C95300441FEC /* LaunchScreen.storyboard */; };
		F4193D5B27E6EB3B00441FEC /* MyCustomTableViewCell.swift in Sources */ = {isa = PBXBuildFile; fileRef = F4193D5927E6EB3B00441FEC /* MyCustomTableViewCell.swift */; };
		F4193D5C27E6EB3B00441FEC /* MyCustomTableViewCell.xib in Resources */ = {isa = PBXBuildFile; fileRef = F4193D5A27E6EB3B00441FEC /* MyCustomTableViewCell.xib */; };
/* End PBXBuildFile section */

/* Begin PBXFileReference section */
		F4193D4027E6C95200441FEC /* PeliculasEnMexico.app */ = {isa = PBXFileReference; explicitFileType = wrapper.application; includeInIndex = 0; path = PeliculasEnMexico.app; sourceTree = BUILT_PRODUCTS_DIR; };
		F4193D4327E6C95200441FEC /* AppDelegate.swift */ = {isa = PBXFileReference; lastKnownFileType = sourcecode.swift; path = AppDelegate.swift; sourceTree = "<group>"; };
		F4193D4527E6C95200441FEC /* SceneDelegate.swift */ = {isa = PBXFileReference; lastKnownFileType = sourcecode.swift; path = SceneDelegate.swift; sourceTree = "<group>"; };
		F4193D4727E6C95200441FEC /* ViewController.swift */ = {isa = PBXFileReference; lastKnownFileType = sourcecode.swift; path = ViewController.swift; sourceTree = "<group>"; };
		F4193D4A27E6C95200441FEC /* Base */ = {isa = PBXFileReference; lastKnownFileType = file.storyboard; name = Base; path = Base.lproj/Main.storyboard; sourceTree = "<group>"; };
		F4193D4C27E6C95300441FEC /* Assets.xcassets */ = {isa = PBXFileReference; lastKnownFileType = folder.assetcatalog; path = Assets.xcassets; sourceTree = "<group>"; };
		F4193D4F27E6C95300441FEC /* Base */ = {isa = PBXFileReference; lastKnownFileType = file.storyboard; name = Base; path = Base.lproj/LaunchScreen.storyboard; sourceTree = "<group>"; };
		F4193D5127E6C95300441FEC /* Info.plist */ = {isa = PBXFileReference; lastKnownFileType = text.plist.xml; path = Info.plist; sourceTree = "<group>"; };
		F4193D5927E6EB3B00441FEC /* MyCustomTableViewCell.swift */ = {isa = PBXFileReference; lastKnownFileType = sourcecode.swift; path = MyCustomTableViewCell.swift; sourceTree = "<group>"; };
		F4193D5A27E6EB3B00441FEC /* MyCustomTableViewCell.xib */ = {isa = PBXFileReference; lastKnownFileType = file.xib; path = MyCustomTableViewCell.xib; sourceTree = "<group>"; };
/* End PBXFileReference section */

/* Begin PBXFrameworksBuildPhase section */
		F4193D3D27E6C95200441FEC /* Frameworks */ = {
			isa = PBXFrameworksBuildPhase;
			buildActionMask = 2147483647;
			files = (
			);
			runOnlyForDeploymentPostprocessing = 0;
		};
/* End PBXFrameworksBuildPhase section */

/* Begin PBXGroup section */
		F4193D3727E6C95200441FEC = {
			isa = PBXGroup;
			children = (
				F4193D4227E6C95200441FEC /* PeliculasEnMexico */,
				F4193D4127E6C95200441FEC /* Products */,
			);
			sourceTree = "<group>";
		};
		F4193D4127E6C95200441FEC /* Products */ = {
			isa = PBXGroup;
			children = (
				F4193D4027E6C95200441FEC /* PeliculasEnMexico.app */,
			);
			name = Products;
			sourceTree = "<group>";
		};
		F4193D4227E6C95200441FEC /* PeliculasEnMexico */ = {
			isa = PBXGroup;
			children = (
				F4193D4327E6C95200441FEC /* AppDelegate.swift */,
				F4193D4527E6C95200441FEC /* SceneDelegate.swift */,
				F4193D4727E6C95200441FEC /* ViewController.swift */,
				F4193D5927E6EB3B00441FEC /* MyCustomTableViewCell.swift */,
				F4193D5A27E6EB3B00441FEC /* MyCustomTableViewCell.xib */,
				F4193D4927E6C95200441FEC /* Main.storyboard */,
				F4193D4C27E6C95300441FEC /* Assets.xcassets */,
				F4193D4E27E6C95300441FEC /* LaunchScreen.storyboard */,
				F4193D5127E6C95300441FEC /* Info.plist */,
			);
			path = PeliculasEnMexico;
			sourceTree = "<group>";
		};
/* End PBXGroup section */

/* Begin PBXNativeTarget section */
		F4193D3F27E6C95200441FEC /* PeliculasEnMexico */ = {
			isa = PBXNativeTarget;
			buildConfigurationList = F4193D5427E6C95300441FEC /* Build configuration list for PBXNativeTarget "PeliculasEnMexico" */;
			buildPhases = (
				F4193D3C27E6C95200441FEC /* Sources */,
				F4193D3D27E6C95200441FEC /* Frameworks */,
				F4193D3E27E6C95200441FEC /* Resources */,
			);
			buildRules = (
			);
			dependencies = (
			);
			name = PeliculasEnMexico;
			productName = PeliculasEnMexico;
			productReference = F4193D4027E6C95200441FEC /* PeliculasEnMexico.app */;
			productType = "com.apple.product-type.application";
		};
/* End PBXNativeTarget section */

/* Begin PBXProject section */
		F4193D3827E6C95200441FEC /* Project object */ = {
			isa = PBXProject;
			attributes = {
				LastSwiftUpdateCheck = 1210;
				LastUpgradeCheck = 1210;
				TargetAttributes = {
					F4193D3F27E6C95200441FEC = {
						CreatedOnToolsVersion = 12.1;
					};
				};
			};
			buildConfigurationList = F4193D3B27E6C95200441FEC /* Build configuration list for PBXProject "PeliculasEnMexico" */;
			compatibilityVersion = "Xcode 9.3";
			developmentRegion = en;
			hasScannedForEncodings = 0;
			knownRegions = (
				en,
				Base,
			);
			mainGroup = F4193D3727E6C95200441FEC;
			productRefGroup = F4193D4127E6C95200441FEC /* Products */;
			projectDirPath = "";
			projectRoot = "";
			targets = (
				F4193D3F27E6C95200441FEC /* PeliculasEnMexico */,
			);
		};
/* End PBXProject section */

/* Begin PBXResourcesBuildPhase section */
		F4193D3E27E6C95200441FEC /* Resources */ = {
			isa = PBXResourcesBuildPhase;
			buildActionMask = 2147483647;
			files = (
				F4193D5027E6C95300441FEC /* LaunchScreen.storyboard in Resources */,
				F4193D4D27E6C95300441FEC /* Assets.xcassets in Resources */,
				F4193D5C27E6EB3B00441FEC /* MyCustomTableViewCell.xib in Resources */,
				F4193D4B27E6C95200441FEC /* Main.storyboard in Resources */,
			);
			runOnlyForDeploymentPostprocessing = 0;
		};
/* End PBXResourcesBuildPhase section */

/* Begin PBXSourcesBuildPhase section */
		F4193D3C27E6C95200441FEC /* Sources */ = {
			isa = PBXSourcesBuildPhase;
			buildActionMask = 2147483647;
			files = (
				F4193D4827E6C95200441FEC /* ViewController.swift in Sources */,
				F4193D4427E6C95200441FEC /* AppDelegate.swift in Sources */,
				F4193D5B27E6EB3B00441FEC /* MyCustomTableViewCell.swift in Sources */,
				F4193D4627E6C95200441FEC /* SceneDelegate.swift in Sources */,
			);
			runOnlyForDeploymentPostprocessing = 0;
		};
/* End PBXSourcesBuildPhase section */

/* Begin PBXVariantGroup section */
		F4193D4927E6C95200441FEC /* Main.storyboard */ = {
			isa = PBXVariantGroup;
			children = (
				F4193D4A27E6C95200441FEC /* Base */,
			);
			name = Main.storyboard;
			sourceTree = "<group>";
		};
		F4193D4E27E6C95300441FEC /* LaunchScreen.storyboard */ = {
			isa = PBXVariantGroup;
			children = (
				F4193D4F27E6C95300441FEC /* Base */,
			);
			name = LaunchScreen.storyboard;
			sourceTree = "<group>";
		};
/* End PBXVariantGroup section */

/* Begin XCBuildConfiguration section */
		F4193D5227E6C95300441FEC /* Debug */ = {
			isa = XCBuildConfiguration;
			buildSettings = {
				ALWAYS_SEARCH_USER_PATHS = NO;
				CLANG_ANALYZER_NONNULL = YES;
				CLANG_ANALYZER_NUMBER_OBJECT_CONVERSION = YES_AGGRESSIVE;
				CLANG_CXX_LANGUAGE_STANDARD = "gnu++14";
				CLANG_CXX_LIBRARY = "libc++";
				CLANG_ENABLE_MODULES = YES;
				CLANG_ENABLE_OBJC_ARC = YES;
				CLANG_ENABLE_OBJC_WEAK = YES;
				CLANG_WARN_BLOCK_CAPTURE_AUTORELEASING = YES;
				CLANG_WARN_BOOL_CONVERSION = YES;
				CLANG_WARN_COMMA = YES;
				CLANG_WARN_CONSTANT_CONVERSION = YES;
				CLANG_WARN_DEPRECATED_OBJC_IMPLEMENTATIONS = YES;
				CLANG_WARN_DIRECT_OBJC_ISA_USAGE = YES_ERROR;
				CLANG_WARN_DOCUMENTATION_COMMENTS = YES;
				CLANG_WARN_EMPTY_BODY = YES;
				CLANG_WARN_ENUM_CONVERSION = YES;
				CLANG_WARN_INFINITE_RECURSION = YES;
				CLANG_WARN_INT_CONVERSION = YES;
				CLANG_WARN_NON_LITERAL_NULL_CONVERSION = YES;
				CLANG_WARN_OBJC_IMPLICIT_RETAIN_SELF = YES;
				CLANG_WARN_OBJC_LITERAL_CONVERSION = YES;
				CLANG_WARN_OBJC_ROOT_CLASS = YES_ERROR;
				CLANG_WARN_QUOTED_INCLUDE_IN_FRAMEWORK_HEADER = YES;
				CLANG_WARN_RANGE_LOOP_ANALYSIS = YES;
				CLANG_WARN_STRICT_PROTOTYPES = YES;
				CLANG_WARN_SUSPICIOUS_MOVE = YES;
				CLANG_WARN_UNGUARDED_AVAILABILITY = YES_AGGRESSIVE;
				CLANG_WARN_UNREACHABLE_CODE = YES;
				CLANG_WARN__DUPLICATE_METHOD_MATCH = YES;
				COPY_PHASE_STRIP = NO;
				DEBUG_INFORMATION_FORMAT = dwarf;
				ENABLE_STRICT_OBJC_MSGSEND = YES;
				ENABLE_TESTABILITY = YES;
				GCC_C_LANGUAGE_STANDARD = gnu11;
				GCC_DYNAMIC_NO_PIC = NO;
				GCC_NO_COMMON_BLOCKS = YES;
				GCC_OPTIMIZATION_LEVEL = 0;
				GCC_PREPROCESSOR_DEFINITIONS = (
					"DEBUG=1",
					"$(inherited)",
				);
				GCC_WARN_64_TO_32_BIT_CONVERSION = YES;
				GCC_WARN_ABOUT_RETURN_TYPE = YES_ERROR;
				GCC_WARN_UNDECLARED_SELECTOR = YES;
				GCC_WARN_UNINITIALIZED_AUTOS = YES_AGGRESSIVE;
				GCC_WARN_UNUSED_FUNCTION = YES;
				GCC_WARN_UNUSED_VARIABLE = YES;
				IPHONEOS_DEPLOYMENT_TARGET = 14.1;
				MTL_ENABLE_DEBUG_INFO = INCLUDE_SOURCE;
				MTL_FAST_MATH = YES;
				ONLY_ACTIVE_ARCH = YES;
				SDKROOT = iphoneos;
				SWIFT_ACTIVE_COMPILATION_CONDITIONS = DEBUG;
				SWIFT_OPTIMIZATION_LEVEL = "-Onone";
			};
			name = Debug;
		};
		F4193D5327E6C95300441FEC /* Release */ = {
			isa = XCBuildConfiguration;
			buildSettings = {
				ALWAYS_SEARCH_USER_PATHS = NO;
				CLANG_ANALYZER_NONNULL = YES;
				CLANG_ANALYZER_NUMBER_OBJECT_CONVERSION = YES_AGGRESSIVE;
				CLANG_CXX_LANGUAGE_STANDARD = "gnu++14";
				CLANG_CXX_LIBRARY = "libc++";
				CLANG_ENABLE_MODULES = YES;
				CLANG_ENABLE_OBJC_ARC = YES;
				CLANG_ENABLE_OBJC_WEAK = YES;
				CLANG_WARN_BLOCK_CAPTURE_AUTORELEASING = YES;
				CLANG_WARN_BOOL_CONVERSION = YES;
				CLANG_WARN_COMMA = YES;
				CLANG_WARN_CONSTANT_CONVERSION = YES;
				CLANG_WARN_DEPRECATED_OBJC_IMPLEMENTATIONS = YES;
				CLANG_WARN_DIRECT_OBJC_ISA_USAGE = YES_ERROR;
				CLANG_WARN_DOCUMENTATION_COMMENTS = YES;
				CLANG_WARN_EMPTY_BODY = YES;
				CLANG_WARN_ENUM_CONVERSION = YES;
				CLANG_WARN_INFINITE_RECURSION = YES;
				CLANG_WARN_INT_CONVERSION = YES;
				CLANG_WARN_NON_LITERAL_NULL_CONVERSION = YES;
				CLANG_WARN_OBJC_IMPLICIT_RETAIN_SELF = YES;
				CLANG_WARN_OBJC_LITERAL_CONVERSION = YES;
				CLANG_WARN_OBJC_ROOT_CLASS = YES_ERROR;
				CLANG_WARN_QUOTED_INCLUDE_IN_FRAMEWORK_HEADER = YES;
				CLANG_WARN_RANGE_LOOP_ANALYSIS = YES;
				CLANG_WARN_STRICT_PROTOTYPES = YES;
				CLANG_WARN_SUSPICIOUS_MOVE = YES;
				CLANG_WARN_UNGUARDED_AVAILABILITY = YES_AGGRESSIVE;
				CLANG_WARN_UNREACHABLE_CODE = YES;
				CLANG_WARN__DUPLICATE_METHOD_MATCH = YES;
				COPY_PHASE_STRIP = NO;
				DEBUG_INFORMATION_FORMAT = "dwarf-with-dsym";
				ENABLE_NS_ASSERTIONS = NO;
				ENABLE_STRICT_OBJC_MSGSEND = YES;
				GCC_C_LANGUAGE_STANDARD = gnu11;
				GCC_NO_COMMON_BLOCKS = YES;
				GCC_WARN_64_TO_32_BIT_CONVERSION = YES;
				GCC_WARN_ABOUT_RETURN_TYPE = YES_ERROR;
				GCC_WARN_UNDECLARED_SELECTOR = YES;
				GCC_WARN_UNINITIALIZED_AUTOS = YES_AGGRESSIVE;
				GCC_WARN_UNUSED_FUNCTION = YES;
				GCC_WARN_UNUSED_VARIABLE = YES;
				IPHONEOS_DEPLOYMENT_TARGET = 14.1;
				MTL_ENABLE_DEBUG_INFO = NO;
				MTL_FAST_MATH = YES;
				SDKROOT = iphoneos;
				SWIFT_COMPILATION_MODE = wholemodule;
				SWIFT_OPTIMIZATION_LEVEL = "-O";
				VALIDATE_PRODUCT = YES;
			};
			name = Release;
		};
		F4193D5527E6C95300441FEC /* Debug */ = {
			isa = XCBuildConfiguration;
			buildSettings = {
				ASSETCATALOG_COMPILER_APPICON_NAME = AppIcon;
				ASSETCATALOG_COMPILER_GLOBAL_ACCENT_COLOR_NAME = AccentColor;
				CODE_SIGN_STYLE = Automatic;
				INFOPLIST_FILE = PeliculasEnMexico/Info.plist;
				IPHONEOS_DEPLOYMENT_TARGET = 13.0;
				LD_RUNPATH_SEARCH_PATHS = (
					"$(inherited)",
					"@executable_path/Frameworks",
				);
				PRODUCT_BUNDLE_IDENTIFIER = com.unapp.TableView;
				PRODUCT_NAME = "$(TARGET_NAME)";
				SWIFT_VERSION = 5.0;
				TARGETED_DEVICE_FAMILY = "1,2";
			};
			name = Debug;
		};
		F4193D5627E6C95300441FEC /* Release */ = {
			isa = XCBuildConfiguration;
			buildSettings = {
				ASSETCATALOG_COMPILER_APPICON_NAME = AppIcon;
				ASSETCATALOG_COMPILER_GLOBAL_ACCENT_COLOR_NAME = AccentColor;
				CODE_SIGN_STYLE = Automatic;
				INFOPLIST_FILE = PeliculasEnMexico/Info.plist;
				IPHONEOS_DEPLOYMENT_TARGET = 13.0;
				LD_RUNPATH_SEARCH_PATHS = (
					"$(inherited)",
					"@executable_path/Frameworks",
				);
				PRODUCT_BUNDLE_IDENTIFIER = com.unapp.TableView;
				PRODUCT_NAME = "$(TARGET_NAME)";
				SWIFT_VERSION = 5.0;
				TARGETED_DEVICE_FAMILY = "1,2";
			};
			name = Release;
		};
/* End XCBuildConfiguration section */

/* Begin XCConfigurationList section */
		F4193D3B27E6C95200441FEC /* Build configuration list for PBXProject "PeliculasEnMexico" */ = {
			isa = XCConfigurationList;
			buildConfigurations = (
				F4193D5227E6C95300441FEC /* Debug */,
				F4193D5327E6C95300441FEC /* Release */,
			);
			defaultConfigurationIsVisible = 0;
			defaultConfigurationName = Release;
		};
		F4193D5427E6C95300441FEC /* Build configuration list for PBXNativeTarget "PeliculasEnMexico" */ = {
			isa = XCConfigurationList;
			buildConfigurations = (
				F4193D5527E6C95300441FEC /* Debug */,
				F4193D5627E6C95300441FEC /* Release */,
			);
			defaultConfigurationIsVisible = 0;
			defaultConfigurationName = Release;
		};
/* End XCConfigurationList section */
	};
	rootObject = F4193D3827E6C95200441FEC /* Project object */;
}
