// !$*UTF8*$!
{
	archiveVersion = 1;
	classes = {
	};
	objectVersion = 50;
	objects = {

/* Begin PBXBuildFile section */
		F42E76AB27E04D5600D470BD /* AppDelegate.swift in Sources */ = {isa = PBXBuildFile; fileRef = F42E76AA27E04D5600D470BD /* AppDelegate.swift */; };
		F42E76AD27E04D5600D470BD /* SceneDelegate.swift in Sources */ = {isa = PBXBuildFile; fileRef = F42E76AC27E04D5600D470BD /* SceneDelegate.swift */; };
		F42E76AF27E04D5600D470BD /* ViewController.swift in Sources */ = {isa = PBXBuildFile; fileRef = F42E76AE27E04D5600D470BD /* ViewController.swift */; };
		F42E76B227E04D5600D470BD /* Main.storyboard in Resources */ = {isa = PBXBuildFile; fileRef = F42E76B027E04D5600D470BD /* Main.storyboard */; };
		F42E76B427E04D5F00D470BD /* Assets.xcassets in Resources */ = {isa = PBXBuildFile; fileRef = F42E76B327E04D5F00D470BD /* Assets.xcassets */; };
		F42E76B727E04D5F00D470BD /* LaunchScreen.storyboard in Resources */ = {isa = PBXBuildFile; fileRef = F42E76B527E04D5F00D470BD /* LaunchScreen.storyboard */; };
/* End PBXBuildFile section */

/* Begin PBXFileReference section */
		F42E76A727E04D5600D470BD /* gesture in code.app */ = {isa = PBXFileReference; explicitFileType = wrapper.application; includeInIndex = 0; path = "gesture in code.app"; sourceTree = BUILT_PRODUCTS_DIR; };
		F42E76AA27E04D5600D470BD /* AppDelegate.swift */ = {isa = PBXFileReference; lastKnownFileType = sourcecode.swift; path = AppDelegate.swift; sourceTree = "<group>"; };
		F42E76AC27E04D5600D470BD /* SceneDelegate.swift */ = {isa = PBXFileReference; lastKnownFileType = sourcecode.swift; path = SceneDelegate.swift; sourceTree = "<group>"; };
		F42E76AE27E04D5600D470BD /* ViewController.swift */ = {isa = PBXFileReference; lastKnownFileType = sourcecode.swift; path = ViewController.swift; sourceTree = "<group>"; };
		F42E76B127E04D5600D470BD /* Base */ = {isa = PBXFileReference; lastKnownFileType = file.storyboard; name = Base; path = Base.lproj/Main.storyboard; sourceTree = "<group>"; };
		F42E76B327E04D5F00D470BD /* Assets.xcassets */ = {isa = PBXFileReference; lastKnownFileType = folder.assetcatalog; path = Assets.xcassets; sourceTree = "<group>"; };
		F42E76B627E04D5F00D470BD /* Base */ = {isa = PBXFileReference; lastKnownFileType = file.storyboard; name = Base; path = Base.lproj/LaunchScreen.storyboard; sourceTree = "<group>"; };
		F42E76B827E04D5F00D470BD /* Info.plist */ = {isa = PBXFileReference; lastKnownFileType = text.plist.xml; path = Info.plist; sourceTree = "<group>"; };
/* End PBXFileReference section */

/* Begin PBXFrameworksBuildPhase section */
		F42E76A427E04D5600D470BD /* Frameworks */ = {
			isa = PBXFrameworksBuildPhase;
			buildActionMask = 2147483647;
			files = (
			);
			runOnlyForDeploymentPostprocessing = 0;
		};
/* End PBXFrameworksBuildPhase section */

/* Begin PBXGroup section */
		F42E769E27E04D5600D470BD = {
			isa = PBXGroup;
			children = (
				F42E76A927E04D5600D470BD /* gesture in code */,
				F42E76A827E04D5600D470BD /* Products */,
			);
			sourceTree = "<group>";
		};
		F42E76A827E04D5600D470BD /* Products */ = {
			isa = PBXGroup;
			children = (
				F42E76A727E04D5600D470BD /* gesture in code.app */,
			);
			name = Products;
			sourceTree = "<group>";
		};
		F42E76A927E04D5600D470BD /* gesture in code */ = {
			isa = PBXGroup;
			children = (
				F42E76AA27E04D5600D470BD /* AppDelegate.swift */,
				F42E76AC27E04D5600D470BD /* SceneDelegate.swift */,
				F42E76AE27E04D5600D470BD /* ViewController.swift */,
				F42E76B027E04D5600D470BD /* Main.storyboard */,
				F42E76B327E04D5F00D470BD /* Assets.xcassets */,
				F42E76B527E04D5F00D470BD /* LaunchScreen.storyboard */,
				F42E76B827E04D5F00D470BD /* Info.plist */,
			);
			path = "gesture in code";
			sourceTree = "<group>";
		};
/* End PBXGroup section */

/* Begin PBXNativeTarget section */
		F42E76A627E04D5600D470BD /* gesture in code */ = {
			isa = PBXNativeTarget;
			buildConfigurationList = F42E76BB27E04D5F00D470BD /* Build configuration list for PBXNativeTarget "gesture in code" */;
			buildPhases = (
				F42E76A327E04D5600D470BD /* Sources */,
				F42E76A427E04D5600D470BD /* Frameworks */,
				F42E76A527E04D5600D470BD /* Resources */,
			);
			buildRules = (
			);
			dependencies = (
			);
			name = "gesture in code";
			productName = "gesture in code";
			productReference = F42E76A727E04D5600D470BD /* gesture in code.app */;
			productType = "com.apple.product-type.application";
		};
/* End PBXNativeTarget section */

/* Begin PBXProject section */
		F42E769F27E04D5600D470BD /* Project object */ = {
			isa = PBXProject;
			attributes = {
				LastSwiftUpdateCheck = 1150;
				LastUpgradeCheck = 1150;
				ORGANIZATIONNAME = RF;
				TargetAttributes = {
					F42E76A627E04D5600D470BD = {
						CreatedOnToolsVersion = 11.5;
					};
				};
			};
			buildConfigurationList = F42E76A227E04D5600D470BD /* Build configuration list for PBXProject "gesture in code" */;
			compatibilityVersion = "Xcode 9.3";
			developmentRegion = en;
			hasScannedForEncodings = 0;
			knownRegions = (
				en,
				Base,
			);
			mainGroup = F42E769E27E04D5600D470BD;
			productRefGroup = F42E76A827E04D5600D470BD /* Products */;
			projectDirPath = "";
			projectRoot = "";
			targets = (
				F42E76A627E04D5600D470BD /* gesture in code */,
			);
		};
/* End PBXProject section */

/* Begin PBXResourcesBuildPhase section */
		F42E76A527E04D5600D470BD /* Resources */ = {
			isa = PBXResourcesBuildPhase;
			buildActionMask = 2147483647;
			files = (
				F42E76B727E04D5F00D470BD /* LaunchScreen.storyboard in Resources */,
				F42E76B427E04D5F00D470BD /* Assets.xcassets in Resources */,
				F42E76B227E04D5600D470BD /* Main.storyboard in Resources */,
			);
			runOnlyForDeploymentPostprocessing = 0;
		};
/* End PBXResourcesBuildPhase section */

/* Begin PBXSourcesBuildPhase section */
		F42E76A327E04D5600D470BD /* Sources */ = {
			isa = PBXSourcesBuildPhase;
			buildActionMask = 2147483647;
			files = (
				F42E76AF27E04D5600D470BD /* ViewController.swift in Sources */,
				F42E76AB27E04D5600D470BD /* AppDelegate.swift in Sources */,
				F42E76AD27E04D5600D470BD /* SceneDelegate.swift in Sources */,
			);
			runOnlyForDeploymentPostprocessing = 0;
		};
/* End PBXSourcesBuildPhase section */

/* Begin PBXVariantGroup section */
		F42E76B027E04D5600D470BD /* Main.storyboard */ = {
			isa = PBXVariantGroup;
			children = (
				F42E76B127E04D5600D470BD /* Base */,
			);
			name = Main.storyboard;
			sourceTree = "<group>";
		};
		F42E76B527E04D5F00D470BD /* LaunchScreen.storyboard */ = {
			isa = PBXVariantGroup;
			children = (
				F42E76B627E04D5F00D470BD /* Base */,
			);
			name = LaunchScreen.storyboard;
			sourceTree = "<group>";
		};
/* End PBXVariantGroup section */

/* Begin XCBuildConfiguration section */
		F42E76B927E04D5F00D470BD /* Debug */ = {
			isa = XCBuildConfiguration;
			buildSettings = {
				ALWAYS_SEARCH_USER_PATHS = NO;
				CLANG_ANALYZER_NONNULL = YES;
				CLANG_ANALYZER_NUMBER_OBJECT_CONVERSION = YES_AGGRESSIVE;
				CLANG_CXX_LANGUAGE_STANDARD = "gnu++14";
				CLANG_CXX_LIBRARY = "libc++";
				CLANG_ENABLE_MODULES = YES;
				CLANG_ENABLE_OBJC_ARC = YES;
				CLANG_ENABLE_OBJC_WEAK = YES;
				CLANG_WARN_BLOCK_CAPTURE_AUTORELEASING = YES;
				CLANG_WARN_BOOL_CONVERSION = YES;
				CLANG_WARN_COMMA = YES;
				CLANG_WARN_CONSTANT_CONVERSION = YES;
				CLANG_WARN_DEPRECATED_OBJC_IMPLEMENTATIONS = YES;
				CLANG_WARN_DIRECT_OBJC_ISA_USAGE = YES_ERROR;
				CLANG_WARN_DOCUMENTATION_COMMENTS = YES;
				CLANG_WARN_EMPTY_BODY = YES;
				CLANG_WARN_ENUM_CONVERSION = YES;
				CLANG_WARN_INFINITE_RECURSION = YES;
				CLANG_WARN_INT_CONVERSION = YES;
				CLANG_WARN_NON_LITERAL_NULL_CONVERSION = YES;
				CLANG_WARN_OBJC_IMPLICIT_RETAIN_SELF = YES;
				CLANG_WARN_OBJC_LITERAL_CONVERSION = YES;
				CLANG_WARN_OBJC_ROOT_CLASS = YES_ERROR;
				CLANG_WARN_RANGE_LOOP_ANALYSIS = YES;
				CLANG_WARN_STRICT_PROTOTYPES = YES;
				CLANG_WARN_SUSPICIOUS_MOVE = YES;
				CLANG_WARN_UNGUARDED_AVAILABILITY = YES_AGGRESSIVE;
				CLANG_WARN_UNREACHABLE_CODE = YES;
				CLANG_WARN__DUPLICATE_METHOD_MATCH = YES;
				COPY_PHASE_STRIP = NO;
				DEBUG_INFORMATION_FORMAT = dwarf;
				ENABLE_STRICT_OBJC_MSGSEND = YES;
				ENABLE_TESTABILITY = YES;
				GCC_C_LANGUAGE_STANDARD = gnu11;
				GCC_DYNAMIC_NO_PIC = NO;
				GCC_NO_COMMON_BLOCKS = YES;
				GCC_OPTIMIZATION_LEVEL = 0;
				GCC_PREPROCESSOR_DEFINITIONS = (
					"DEBUG=1",
					"$(inherited)",
				);
				GCC_WARN_64_TO_32_BIT_CONVERSION = YES;
				GCC_WARN_ABOUT_RETURN_TYPE = YES_ERROR;
				GCC_WARN_UNDECLARED_SELECTOR = YES;
				GCC_WARN_UNINITIALIZED_AUTOS = YES_AGGRESSIVE;
				GCC_WARN_UNUSED_FUNCTION = YES;
				GCC_WARN_UNUSED_VARIABLE = YES;
				IPHONEOS_DEPLOYMENT_TARGET = 13.5;
				MTL_ENABLE_DEBUG_INFO = INCLUDE_SOURCE;
				MTL_FAST_MATH = YES;
				ONLY_ACTIVE_ARCH = YES;
				SDKROOT = iphoneos;
				SWIFT_ACTIVE_COMPILATION_CONDITIONS = DEBUG;
				SWIFT_OPTIMIZATION_LEVEL = "-Onone";
			};
			name = Debug;
		};
		F42E76BA27E04D5F00D470BD /* Release */ = {
			isa = XCBuildConfiguration;
			buildSettings = {
				ALWAYS_SEARCH_USER_PATHS = NO;
				CLANG_ANALYZER_NONNULL = YES;
				CLANG_ANALYZER_NUMBER_OBJECT_CONVERSION = YES_AGGRESSIVE;
				CLANG_CXX_LANGUAGE_STANDARD = "gnu++14";
				CLANG_CXX_LIBRARY = "libc++";
				CLANG_ENABLE_MODULES = YES;
				CLANG_ENABLE_OBJC_ARC = YES;
				CLANG_ENABLE_OBJC_WEAK = YES;
				CLANG_WARN_BLOCK_CAPTURE_AUTORELEASING = YES;
				CLANG_WARN_BOOL_CONVERSION = YES;
				CLANG_WARN_COMMA = YES;
				CLANG_WARN_CONSTANT_CONVERSION = YES;
				CLANG_WARN_DEPRECATED_OBJC_IMPLEMENTATIONS = YES;
				CLANG_WARN_DIRECT_OBJC_ISA_USAGE = YES_ERROR;
				CLANG_WARN_DOCUMENTATION_COMMENTS = YES;
				CLANG_WARN_EMPTY_BODY = YES;
				CLANG_WARN_ENUM_CONVERSION = YES;
				CLANG_WARN_INFINITE_RECURSION = YES;
				CLANG_WARN_INT_CONVERSION = YES;
				CLANG_WARN_NON_LITERAL_NULL_CONVERSION = YES;
				CLANG_WARN_OBJC_IMPLICIT_RETAIN_SELF = YES;
				CLANG_WARN_OBJC_LITERAL_CONVERSION = YES;
				CLANG_WARN_OBJC_ROOT_CLASS = YES_ERROR;
				CLANG_WARN_RANGE_LOOP_ANALYSIS = YES;
				CLANG_WARN_STRICT_PROTOTYPES = YES;
				CLANG_WARN_SUSPICIOUS_MOVE = YES;
				CLANG_WARN_UNGUARDED_AVAILABILITY = YES_AGGRESSIVE;
				CLANG_WARN_UNREACHABLE_CODE = YES;
				CLANG_WARN__DUPLICATE_METHOD_MATCH = YES;
				COPY_PHASE_STRIP = NO;
				DEBUG_INFORMATION_FORMAT = "dwarf-with-dsym";
				ENABLE_NS_ASSERTIONS = NO;
				ENABLE_STRICT_OBJC_MSGSEND = YES;
				GCC_C_LANGUAGE_STANDARD = gnu11;
				GCC_NO_COMMON_BLOCKS = YES;
				GCC_WARN_64_TO_32_BIT_CONVERSION = YES;
				GCC_WARN_ABOUT_RETURN_TYPE = YES_ERROR;
				GCC_WARN_UNDECLARED_SELECTOR = YES;
				GCC_WARN_UNINITIALIZED_AUTOS = YES_AGGRESSIVE;
				GCC_WARN_UNUSED_FUNCTION = YES;
				GCC_WARN_UNUSED_VARIABLE = YES;
				IPHONEOS_DEPLOYMENT_TARGET = 13.5;
				MTL_ENABLE_DEBUG_INFO = NO;
				MTL_FAST_MATH = YES;
				SDKROOT = iphoneos;
				SWIFT_COMPILATION_MODE = wholemodule;
				SWIFT_OPTIMIZATION_LEVEL = "-O";
				VALIDATE_PRODUCT = YES;
			};
			name = Release;
		};
		F42E76BC27E04D5F00D470BD /* Debug */ = {
			isa = XCBuildConfiguration;
			buildSettings = {
				ASSETCATALOG_COMPILER_APPICON_NAME = AppIcon;
				CODE_SIGN_STYLE = Automatic;
				INFOPLIST_FILE = "gesture in code/Info.plist";
				LD_RUNPATH_SEARCH_PATHS = (
					"$(inherited)",
					"@executable_path/Frameworks",
				);
				PRODUCT_BUNDLE_IDENTIFIER = "com.unapp.gesture-in-code";
				PRODUCT_NAME = "$(TARGET_NAME)";
				SWIFT_VERSION = 5.0;
				TARGETED_DEVICE_FAMILY = "1,2";
			};
			name = Debug;
		};
		F42E76BD27E04D5F00D470BD /* Release */ = {
			isa = XCBuildConfiguration;
			buildSettings = {
				ASSETCATALOG_COMPILER_APPICON_NAME = AppIcon;
				CODE_SIGN_STYLE = Automatic;
				INFOPLIST_FILE = "gesture in code/Info.plist";
				LD_RUNPATH_SEARCH_PATHS = (
					"$(inherited)",
					"@executable_path/Frameworks",
				);
				PRODUCT_BUNDLE_IDENTIFIER = "com.unapp.gesture-in-code";
				PRODUCT_NAME = "$(TARGET_NAME)";
				SWIFT_VERSION = 5.0;
				TARGETED_DEVICE_FAMILY = "1,2";
			};
			name = Release;
		};
/* End XCBuildConfiguration section */

/* Begin XCConfigurationList section */
		F42E76A227E04D5600D470BD /* Build configuration list for PBXProject "gesture in code" */ = {
			isa = XCConfigurationList;
			buildConfigurations = (
				F42E76B927E04D5F00D470BD /* Debug */,
				F42E76BA27E04D5F00D470BD /* Release */,
			);
			defaultConfigurationIsVisible = 0;
			defaultConfigurationName = Release;
		};
		F42E76BB27E04D5F00D470BD /* Build configuration list for PBXNativeTarget "gesture in code" */ = {
			isa = XCConfigurationList;
			buildConfigurations = (
				F42E76BC27E04D5F00D470BD /* Debug */,
				F42E76BD27E04D5F00D470BD /* Release */,
			);
			defaultConfigurationIsVisible = 0;
			defaultConfigurationName = Release;
		};
/* End XCConfigurationList section */
	};
	rootObject = F42E769F27E04D5600D470BD /* Project object */;
}
