// !$*UTF8*$!
{
	archiveVersion = 1;
	classes = {
	};
	objectVersion = 50;
	objects = {

/* Begin PBXBuildFile section */
		F491B5C427F402E200A14687 /* AppDelegate.swift in Sources */ = {isa = PBXBuildFile; fileRef = F491B5C327F402E200A14687 /* AppDelegate.swift */; };
		F491B5C627F402E200A14687 /* SceneDelegate.swift in Sources */ = {isa = PBXBuildFile; fileRef = F491B5C527F402E200A14687 /* SceneDelegate.swift */; };
		F491B5C827F402E200A14687 /* ViewController.swift in Sources */ = {isa = PBXBuildFile; fileRef = F491B5C727F402E200A14687 /* ViewController.swift */; };
		F491B5CB27F402E200A14687 /* Main.storyboard in Resources */ = {isa = PBXBuildFile; fileRef = F491B5C927F402E200A14687 /* Main.storyboard */; };
		F491B5CD27F402E300A14687 /* Assets.xcassets in Resources */ = {isa = PBXBuildFile; fileRef = F491B5CC27F402E300A14687 /* Assets.xcassets */; };
		F491B5D027F402E300A14687 /* LaunchScreen.storyboard in Resources */ = {isa = PBXBuildFile; fileRef = F491B5CE27F402E300A14687 /* LaunchScreen.storyboard */; };
		F491B5DB27F410EB00A14687 /* MenuBar.swift in Sources */ = {isa = PBXBuildFile; fileRef = F491B5DA27F410EB00A14687 /* MenuBar.swift */; };
/* End PBXBuildFile section */

/* Begin PBXFileReference section */
		F491B5C027F402E200A14687 /* MyUICollectionView.app */ = {isa = PBXFileReference; explicitFileType = wrapper.application; includeInIndex = 0; path = MyUICollectionView.app; sourceTree = BUILT_PRODUCTS_DIR; };
		F491B5C327F402E200A14687 /* AppDelegate.swift */ = {isa = PBXFileReference; lastKnownFileType = sourcecode.swift; path = AppDelegate.swift; sourceTree = "<group>"; };
		F491B5C527F402E200A14687 /* SceneDelegate.swift */ = {isa = PBXFileReference; lastKnownFileType = sourcecode.swift; path = SceneDelegate.swift; sourceTree = "<group>"; };
		F491B5C727F402E200A14687 /* ViewController.swift */ = {isa = PBXFileReference; lastKnownFileType = sourcecode.swift; path = ViewController.swift; sourceTree = "<group>"; };
		F491B5CA27F402E200A14687 /* Base */ = {isa = PBXFileReference; lastKnownFileType = file.storyboard; name = Base; path = Base.lproj/Main.storyboard; sourceTree = "<group>"; };
		F491B5CC27F402E300A14687 /* Assets.xcassets */ = {isa = PBXFileReference; lastKnownFileType = folder.assetcatalog; path = Assets.xcassets; sourceTree = "<group>"; };
		F491B5CF27F402E300A14687 /* Base */ = {isa = PBXFileReference; lastKnownFileType = file.storyboard; name = Base; path = Base.lproj/LaunchScreen.storyboard; sourceTree = "<group>"; };
		F491B5D127F402E300A14687 /* Info.plist */ = {isa = PBXFileReference; lastKnownFileType = text.plist.xml; path = Info.plist; sourceTree = "<group>"; };
		F491B5DA27F410EB00A14687 /* MenuBar.swift */ = {isa = PBXFileReference; lastKnownFileType = sourcecode.swift; path = MenuBar.swift; sourceTree = "<group>"; };
/* End PBXFileReference section */

/* Begin PBXFrameworksBuildPhase section */
		F491B5BD27F402E200A14687 /* Frameworks */ = {
			isa = PBXFrameworksBuildPhase;
			buildActionMask = 2147483647;
			files = (
			);
			runOnlyForDeploymentPostprocessing = 0;
		};
/* End PBXFrameworksBuildPhase section */

/* Begin PBXGroup section */
		F491B5B727F402E200A14687 = {
			isa = PBXGroup;
			children = (
				F491B5C227F402E200A14687 /* MyUICollectionView */,
				F491B5C127F402E200A14687 /* Products */,
			);
			sourceTree = "<group>";
		};
		F491B5C127F402E200A14687 /* Products */ = {
			isa = PBXGroup;
			children = (
				F491B5C027F402E200A14687 /* MyUICollectionView.app */,
			);
			name = Products;
			sourceTree = "<group>";
		};
		F491B5C227F402E200A14687 /* MyUICollectionView */ = {
			isa = PBXGroup;
			children = (
				F491B5D827F410B800A14687 /* View */,
				F491B5D927F410C500A14687 /* Controller */,
				F491B5C327F402E200A14687 /* AppDelegate.swift */,
				F491B5C527F402E200A14687 /* SceneDelegate.swift */,
				F491B5C727F402E200A14687 /* ViewController.swift */,
				F491B5C927F402E200A14687 /* Main.storyboard */,
				F491B5CC27F402E300A14687 /* Assets.xcassets */,
				F491B5CE27F402E300A14687 /* LaunchScreen.storyboard */,
				F491B5D127F402E300A14687 /* Info.plist */,
			);
			path = MyUICollectionView;
			sourceTree = "<group>";
		};
		F491B5D827F410B800A14687 /* View */ = {
			isa = PBXGroup;
			children = (
				F491B5DA27F410EB00A14687 /* MenuBar.swift */,
			);
			path = View;
			sourceTree = "<group>";
		};
		F491B5D927F410C500A14687 /* Controller */ = {
			isa = PBXGroup;
			children = (
			);
			path = Controller;
			sourceTree = "<group>";
		};
/* End PBXGroup section */

/* Begin PBXNativeTarget section */
		F491B5BF27F402E200A14687 /* MyUICollectionView */ = {
			isa = PBXNativeTarget;
			buildConfigurationList = F491B5D427F402E300A14687 /* Build configuration list for PBXNativeTarget "MyUICollectionView" */;
			buildPhases = (
				F491B5BC27F402E200A14687 /* Sources */,
				F491B5BD27F402E200A14687 /* Frameworks */,
				F491B5BE27F402E200A14687 /* Resources */,
			);
			buildRules = (
			);
			dependencies = (
			);
			name = MyUICollectionView;
			productName = MyUICollectionView;
			productReference = F491B5C027F402E200A14687 /* MyUICollectionView.app */;
			productType = "com.apple.product-type.application";
		};
/* End PBXNativeTarget section */

/* Begin PBXProject section */
		F491B5B827F402E200A14687 /* Project object */ = {
			isa = PBXProject;
			attributes = {
				LastSwiftUpdateCheck = 1210;
				LastUpgradeCheck = 1210;
				TargetAttributes = {
					F491B5BF27F402E200A14687 = {
						CreatedOnToolsVersion = 12.1;
					};
				};
			};
			buildConfigurationList = F491B5BB27F402E200A14687 /* Build configuration list for PBXProject "MyUICollectionView" */;
			compatibilityVersion = "Xcode 9.3";
			developmentRegion = en;
			hasScannedForEncodings = 0;
			knownRegions = (
				en,
				Base,
			);
			mainGroup = F491B5B727F402E200A14687;
			productRefGroup = F491B5C127F402E200A14687 /* Products */;
			projectDirPath = "";
			projectRoot = "";
			targets = (
				F491B5BF27F402E200A14687 /* MyUICollectionView */,
			);
		};
/* End PBXProject section */

/* Begin PBXResourcesBuildPhase section */
		F491B5BE27F402E200A14687 /* Resources */ = {
			isa = PBXResourcesBuildPhase;
			buildActionMask = 2147483647;
			files = (
				F491B5D027F402E300A14687 /* LaunchScreen.storyboard in Resources */,
				F491B5CD27F402E300A14687 /* Assets.xcassets in Resources */,
				F491B5CB27F402E200A14687 /* Main.storyboard in Resources */,
			);
			runOnlyForDeploymentPostprocessing = 0;
		};
/* End PBXResourcesBuildPhase section */

/* Begin PBXSourcesBuildPhase section */
		F491B5BC27F402E200A14687 /* Sources */ = {
			isa = PBXSourcesBuildPhase;
			buildActionMask = 2147483647;
			files = (
				F491B5C827F402E200A14687 /* ViewController.swift in Sources */,
				F491B5C427F402E200A14687 /* AppDelegate.swift in Sources */,
				F491B5DB27F410EB00A14687 /* MenuBar.swift in Sources */,
				F491B5C627F402E200A14687 /* SceneDelegate.swift in Sources */,
			);
			runOnlyForDeploymentPostprocessing = 0;
		};
/* End PBXSourcesBuildPhase section */

/* Begin PBXVariantGroup section */
		F491B5C927F402E200A14687 /* Main.storyboard */ = {
			isa = PBXVariantGroup;
			children = (
				F491B5CA27F402E200A14687 /* Base */,
			);
			name = Main.storyboard;
			sourceTree = "<group>";
		};
		F491B5CE27F402E300A14687 /* LaunchScreen.storyboard */ = {
			isa = PBXVariantGroup;
			children = (
				F491B5CF27F402E300A14687 /* Base */,
			);
			name = LaunchScreen.storyboard;
			sourceTree = "<group>";
		};
/* End PBXVariantGroup section */

/* Begin XCBuildConfiguration section */
		F491B5D227F402E300A14687 /* Debug */ = {
			isa = XCBuildConfiguration;
			buildSettings = {
				ALWAYS_SEARCH_USER_PATHS = NO;
				CLANG_ANALYZER_NONNULL = YES;
				CLANG_ANALYZER_NUMBER_OBJECT_CONVERSION = YES_AGGRESSIVE;
				CLANG_CXX_LANGUAGE_STANDARD = "gnu++14";
				CLANG_CXX_LIBRARY = "libc++";
				CLANG_ENABLE_MODULES = YES;
				CLANG_ENABLE_OBJC_ARC = YES;
				CLANG_ENABLE_OBJC_WEAK = YES;
				CLANG_WARN_BLOCK_CAPTURE_AUTORELEASING = YES;
				CLANG_WARN_BOOL_CONVERSION = YES;
				CLANG_WARN_COMMA = YES;
				CLANG_WARN_CONSTANT_CONVERSION = YES;
				CLANG_WARN_DEPRECATED_OBJC_IMPLEMENTATIONS = YES;
				CLANG_WARN_DIRECT_OBJC_ISA_USAGE = YES_ERROR;
				CLANG_WARN_DOCUMENTATION_COMMENTS = YES;
				CLANG_WARN_EMPTY_BODY = YES;
				CLANG_WARN_ENUM_CONVERSION = YES;
				CLANG_WARN_INFINITE_RECURSION = YES;
				CLANG_WARN_INT_CONVERSION = YES;
				CLANG_WARN_NON_LITERAL_NULL_CONVERSION = YES;
				CLANG_WARN_OBJC_IMPLICIT_RETAIN_SELF = YES;
				CLANG_WARN_OBJC_LITERAL_CONVERSION = YES;
				CLANG_WARN_OBJC_ROOT_CLASS = YES_ERROR;
				CLANG_WARN_QUOTED_INCLUDE_IN_FRAMEWORK_HEADER = YES;
				CLANG_WARN_RANGE_LOOP_ANALYSIS = YES;
				CLANG_WARN_STRICT_PROTOTYPES = YES;
				CLANG_WARN_SUSPICIOUS_MOVE = YES;
				CLANG_WARN_UNGUARDED_AVAILABILITY = YES_AGGRESSIVE;
				CLANG_WARN_UNREACHABLE_CODE = YES;
				CLANG_WARN__DUPLICATE_METHOD_MATCH = YES;
				COPY_PHASE_STRIP = NO;
				DEBUG_INFORMATION_FORMAT = dwarf;
				ENABLE_STRICT_OBJC_MSGSEND = YES;
				ENABLE_TESTABILITY = YES;
				GCC_C_LANGUAGE_STANDARD = gnu11;
				GCC_DYNAMIC_NO_PIC = NO;
				GCC_NO_COMMON_BLOCKS = YES;
				GCC_OPTIMIZATION_LEVEL = 0;
				GCC_PREPROCESSOR_DEFINITIONS = (
					"DEBUG=1",
					"$(inherited)",
				);
				GCC_WARN_64_TO_32_BIT_CONVERSION = YES;
				GCC_WARN_ABOUT_RETURN_TYPE = YES_ERROR;
				GCC_WARN_UNDECLARED_SELECTOR = YES;
				GCC_WARN_UNINITIALIZED_AUTOS = YES_AGGRESSIVE;
				GCC_WARN_UNUSED_FUNCTION = YES;
				GCC_WARN_UNUSED_VARIABLE = YES;
				IPHONEOS_DEPLOYMENT_TARGET = 14.1;
				MTL_ENABLE_DEBUG_INFO = INCLUDE_SOURCE;
				MTL_FAST_MATH = YES;
				ONLY_ACTIVE_ARCH = YES;
				SDKROOT = iphoneos;
				SWIFT_ACTIVE_COMPILATION_CONDITIONS = DEBUG;
				SWIFT_OPTIMIZATION_LEVEL = "-Onone";
			};
			name = Debug;
		};
		F491B5D327F402E300A14687 /* Release */ = {
			isa = XCBuildConfiguration;
			buildSettings = {
				ALWAYS_SEARCH_USER_PATHS = NO;
				CLANG_ANALYZER_NONNULL = YES;
				CLANG_ANALYZER_NUMBER_OBJECT_CONVERSION = YES_AGGRESSIVE;
				CLANG_CXX_LANGUAGE_STANDARD = "gnu++14";
				CLANG_CXX_LIBRARY = "libc++";
				CLANG_ENABLE_MODULES = YES;
				CLANG_ENABLE_OBJC_ARC = YES;
				CLANG_ENABLE_OBJC_WEAK = YES;
				CLANG_WARN_BLOCK_CAPTURE_AUTORELEASING = YES;
				CLANG_WARN_BOOL_CONVERSION = YES;
				CLANG_WARN_COMMA = YES;
				CLANG_WARN_CONSTANT_CONVERSION = YES;
				CLANG_WARN_DEPRECATED_OBJC_IMPLEMENTATIONS = YES;
				CLANG_WARN_DIRECT_OBJC_ISA_USAGE = YES_ERROR;
				CLANG_WARN_DOCUMENTATION_COMMENTS = YES;
				CLANG_WARN_EMPTY_BODY = YES;
				CLANG_WARN_ENUM_CONVERSION = YES;
				CLANG_WARN_INFINITE_RECURSION = YES;
				CLANG_WARN_INT_CONVERSION = YES;
				CLANG_WARN_NON_LITERAL_NULL_CONVERSION = YES;
				CLANG_WARN_OBJC_IMPLICIT_RETAIN_SELF = YES;
				CLANG_WARN_OBJC_LITERAL_CONVERSION = YES;
				CLANG_WARN_OBJC_ROOT_CLASS = YES_ERROR;
				CLANG_WARN_QUOTED_INCLUDE_IN_FRAMEWORK_HEADER = YES;
				CLANG_WARN_RANGE_LOOP_ANALYSIS = YES;
				CLANG_WARN_STRICT_PROTOTYPES = YES;
				CLANG_WARN_SUSPICIOUS_MOVE = YES;
				CLANG_WARN_UNGUARDED_AVAILABILITY = YES_AGGRESSIVE;
				CLANG_WARN_UNREACHABLE_CODE = YES;
				CLANG_WARN__DUPLICATE_METHOD_MATCH = YES;
				COPY_PHASE_STRIP = NO;
				DEBUG_INFORMATION_FORMAT = "dwarf-with-dsym";
				ENABLE_NS_ASSERTIONS = NO;
				ENABLE_STRICT_OBJC_MSGSEND = YES;
				GCC_C_LANGUAGE_STANDARD = gnu11;
				GCC_NO_COMMON_BLOCKS = YES;
				GCC_WARN_64_TO_32_BIT_CONVERSION = YES;
				GCC_WARN_ABOUT_RETURN_TYPE = YES_ERROR;
				GCC_WARN_UNDECLARED_SELECTOR = YES;
				GCC_WARN_UNINITIALIZED_AUTOS = YES_AGGRESSIVE;
				GCC_WARN_UNUSED_FUNCTION = YES;
				GCC_WARN_UNUSED_VARIABLE = YES;
				IPHONEOS_DEPLOYMENT_TARGET = 14.1;
				MTL_ENABLE_DEBUG_INFO = NO;
				MTL_FAST_MATH = YES;
				SDKROOT = iphoneos;
				SWIFT_COMPILATION_MODE = wholemodule;
				SWIFT_OPTIMIZATION_LEVEL = "-O";
				VALIDATE_PRODUCT = YES;
			};
			name = Release;
		};
		F491B5D527F402E300A14687 /* Debug */ = {
			isa = XCBuildConfiguration;
			buildSettings = {
				ASSETCATALOG_COMPILER_APPICON_NAME = AppIcon;
				ASSETCATALOG_COMPILER_GLOBAL_ACCENT_COLOR_NAME = AccentColor;
				CODE_SIGN_STYLE = Automatic;
				DEVELOPMENT_TEAM = DD2C3FV6B6;
				INFOPLIST_FILE = MyUICollectionView/Info.plist;
				LD_RUNPATH_SEARCH_PATHS = (
					"$(inherited)",
					"@executable_path/Frameworks",
				);
				PRODUCT_BUNDLE_IDENTIFIER = com.ramonfelix.MyUICollectionView;
				PRODUCT_NAME = "$(TARGET_NAME)";
				SWIFT_VERSION = 5.0;
				TARGETED_DEVICE_FAMILY = "1,2";
			};
			name = Debug;
		};
		F491B5D627F402E300A14687 /* Release */ = {
			isa = XCBuildConfiguration;
			buildSettings = {
				ASSETCATALOG_COMPILER_APPICON_NAME = AppIcon;
				ASSETCATALOG_COMPILER_GLOBAL_ACCENT_COLOR_NAME = AccentColor;
				CODE_SIGN_STYLE = Automatic;
				DEVELOPMENT_TEAM = DD2C3FV6B6;
				INFOPLIST_FILE = MyUICollectionView/Info.plist;
				LD_RUNPATH_SEARCH_PATHS = (
					"$(inherited)",
					"@executable_path/Frameworks",
				);
				PRODUCT_BUNDLE_IDENTIFIER = com.ramonfelix.MyUICollectionView;
				PRODUCT_NAME = "$(TARGET_NAME)";
				SWIFT_VERSION = 5.0;
				TARGETED_DEVICE_FAMILY = "1,2";
			};
			name = Release;
		};
/* End XCBuildConfiguration section */

/* Begin XCConfigurationList section */
		F491B5BB27F402E200A14687 /* Build configuration list for PBXProject "MyUICollectionView" */ = {
			isa = XCConfigurationList;
			buildConfigurations = (
				F491B5D227F402E300A14687 /* Debug */,
				F491B5D327F402E300A14687 /* Release */,
			);
			defaultConfigurationIsVisible = 0;
			defaultConfigurationName = Release;
		};
		F491B5D427F402E300A14687 /* Build configuration list for PBXNativeTarget "MyUICollectionView" */ = {
			isa = XCConfigurationList;
			buildConfigurations = (
				F491B5D527F402E300A14687 /* Debug */,
				F491B5D627F402E300A14687 /* Release */,
			);
			defaultConfigurationIsVisible = 0;
			defaultConfigurationName = Release;
		};
/* End XCConfigurationList section */
	};
	rootObject = F491B5B827F402E200A14687 /* Project object */;
}
