// !$*UTF8*$!
{
	archiveVersion = 1;
	classes = {
	};
	objectVersion = 50;
	objects = {

/* Begin PBXBuildFile section */
		F4C716D627BB4A0C000EF441 /* AppDelegate.swift in Sources */ = {isa = PBXBuildFile; fileRef = F4C716D527BB4A0C000EF441 /* AppDelegate.swift */; };
		F4C716D827BB4A0C000EF441 /* SceneDelegate.swift in Sources */ = {isa = PBXBuildFile; fileRef = F4C716D727BB4A0C000EF441 /* SceneDelegate.swift */; };
		F4C716DA27BB4A0C000EF441 /* ViewController.swift in Sources */ = {isa = PBXBuildFile; fileRef = F4C716D927BB4A0C000EF441 /* ViewController.swift */; };
		F4C716DD27BB4A0C000EF441 /* Main.storyboard in Resources */ = {isa = PBXBuildFile; fileRef = F4C716DB27BB4A0C000EF441 /* Main.storyboard */; };
		F4C716DF27BB4A13000EF441 /* Assets.xcassets in Resources */ = {isa = PBXBuildFile; fileRef = F4C716DE27BB4A13000EF441 /* Assets.xcassets */; };
		F4C716E227BB4A13000EF441 /* LaunchScreen.storyboard in Resources */ = {isa = PBXBuildFile; fileRef = F4C716E027BB4A13000EF441 /* LaunchScreen.storyboard */; };
		F4C716EA27BB62A9000EF441 /* DetailViewController.swift in Sources */ = {isa = PBXBuildFile; fileRef = F4C716E927BB62A9000EF441 /* DetailViewController.swift */; };
/* End PBXBuildFile section */

/* Begin PBXFileReference section */
		F4C716D227BB4A0C000EF441 /* uaer manager.app */ = {isa = PBXFileReference; explicitFileType = wrapper.application; includeInIndex = 0; path = "uaer manager.app"; sourceTree = BUILT_PRODUCTS_DIR; };
		F4C716D527BB4A0C000EF441 /* AppDelegate.swift */ = {isa = PBXFileReference; lastKnownFileType = sourcecode.swift; path = AppDelegate.swift; sourceTree = "<group>"; };
		F4C716D727BB4A0C000EF441 /* SceneDelegate.swift */ = {isa = PBXFileReference; lastKnownFileType = sourcecode.swift; path = SceneDelegate.swift; sourceTree = "<group>"; };
		F4C716D927BB4A0C000EF441 /* ViewController.swift */ = {isa = PBXFileReference; lastKnownFileType = sourcecode.swift; path = ViewController.swift; sourceTree = "<group>"; };
		F4C716DC27BB4A0C000EF441 /* Base */ = {isa = PBXFileReference; lastKnownFileType = file.storyboard; name = Base; path = Base.lproj/Main.storyboard; sourceTree = "<group>"; };
		F4C716DE27BB4A13000EF441 /* Assets.xcassets */ = {isa = PBXFileReference; lastKnownFileType = folder.assetcatalog; path = Assets.xcassets; sourceTree = "<group>"; };
		F4C716E127BB4A13000EF441 /* Base */ = {isa = PBXFileReference; lastKnownFileType = file.storyboard; name = Base; path = Base.lproj/LaunchScreen.storyboard; sourceTree = "<group>"; };
		F4C716E327BB4A13000EF441 /* Info.plist */ = {isa = PBXFileReference; lastKnownFileType = text.plist.xml; path = Info.plist; sourceTree = "<group>"; };
		F4C716E927BB62A9000EF441 /* DetailViewController.swift */ = {isa = PBXFileReference; lastKnownFileType = sourcecode.swift; path = DetailViewController.swift; sourceTree = "<group>"; };
/* End PBXFileReference section */

/* Begin PBXFrameworksBuildPhase section */
		F4C716CF27BB4A0C000EF441 /* Frameworks */ = {
			isa = PBXFrameworksBuildPhase;
			buildActionMask = 2147483647;
			files = (
			);
			runOnlyForDeploymentPostprocessing = 0;
		};
/* End PBXFrameworksBuildPhase section */

/* Begin PBXGroup section */
		F4C716C927BB4A0C000EF441 = {
			isa = PBXGroup;
			children = (
				F4C716D427BB4A0C000EF441 /* uaer manager */,
				F4C716D327BB4A0C000EF441 /* Products */,
			);
			sourceTree = "<group>";
		};
		F4C716D327BB4A0C000EF441 /* Products */ = {
			isa = PBXGroup;
			children = (
				F4C716D227BB4A0C000EF441 /* uaer manager.app */,
			);
			name = Products;
			sourceTree = "<group>";
		};
		F4C716D427BB4A0C000EF441 /* uaer manager */ = {
			isa = PBXGroup;
			children = (
				F4C716E927BB62A9000EF441 /* DetailViewController.swift */,
				F4C716D527BB4A0C000EF441 /* AppDelegate.swift */,
				F4C716D727BB4A0C000EF441 /* SceneDelegate.swift */,
				F4C716D927BB4A0C000EF441 /* ViewController.swift */,
				F4C716DB27BB4A0C000EF441 /* Main.storyboard */,
				F4C716DE27BB4A13000EF441 /* Assets.xcassets */,
				F4C716E027BB4A13000EF441 /* LaunchScreen.storyboard */,
				F4C716E327BB4A13000EF441 /* Info.plist */,
			);
			path = "uaer manager";
			sourceTree = "<group>";
		};
/* End PBXGroup section */

/* Begin PBXNativeTarget section */
		F4C716D127BB4A0C000EF441 /* uaer manager */ = {
			isa = PBXNativeTarget;
			buildConfigurationList = F4C716E627BB4A13000EF441 /* Build configuration list for PBXNativeTarget "uaer manager" */;
			buildPhases = (
				F4C716CE27BB4A0C000EF441 /* Sources */,
				F4C716CF27BB4A0C000EF441 /* Frameworks */,
				F4C716D027BB4A0C000EF441 /* Resources */,
			);
			buildRules = (
			);
			dependencies = (
			);
			name = "uaer manager";
			productName = "uaer manager";
			productReference = F4C716D227BB4A0C000EF441 /* uaer manager.app */;
			productType = "com.apple.product-type.application";
		};
/* End PBXNativeTarget section */

/* Begin PBXProject section */
		F4C716CA27BB4A0C000EF441 /* Project object */ = {
			isa = PBXProject;
			attributes = {
				LastSwiftUpdateCheck = 1150;
				LastUpgradeCheck = 1150;
				ORGANIZATIONNAME = RF;
				TargetAttributes = {
					F4C716D127BB4A0C000EF441 = {
						CreatedOnToolsVersion = 11.5;
					};
				};
			};
			buildConfigurationList = F4C716CD27BB4A0C000EF441 /* Build configuration list for PBXProject "uaer manager" */;
			compatibilityVersion = "Xcode 9.3";
			developmentRegion = en;
			hasScannedForEncodings = 0;
			knownRegions = (
				en,
				Base,
			);
			mainGroup = F4C716C927BB4A0C000EF441;
			productRefGroup = F4C716D327BB4A0C000EF441 /* Products */;
			projectDirPath = "";
			projectRoot = "";
			targets = (
				F4C716D127BB4A0C000EF441 /* uaer manager */,
			);
		};
/* End PBXProject section */

/* Begin PBXResourcesBuildPhase section */
		F4C716D027BB4A0C000EF441 /* Resources */ = {
			isa = PBXResourcesBuildPhase;
			buildActionMask = 2147483647;
			files = (
				F4C716E227BB4A13000EF441 /* LaunchScreen.storyboard in Resources */,
				F4C716DF27BB4A13000EF441 /* Assets.xcassets in Resources */,
				F4C716DD27BB4A0C000EF441 /* Main.storyboard in Resources */,
			);
			runOnlyForDeploymentPostprocessing = 0;
		};
/* End PBXResourcesBuildPhase section */

/* Begin PBXSourcesBuildPhase section */
		F4C716CE27BB4A0C000EF441 /* Sources */ = {
			isa = PBXSourcesBuildPhase;
			buildActionMask = 2147483647;
			files = (
				F4C716DA27BB4A0C000EF441 /* ViewController.swift in Sources */,
				F4C716D627BB4A0C000EF441 /* AppDelegate.swift in Sources */,
				F4C716D827BB4A0C000EF441 /* SceneDelegate.swift in Sources */,
				F4C716EA27BB62A9000EF441 /* DetailViewController.swift in Sources */,
			);
			runOnlyForDeploymentPostprocessing = 0;
		};
/* End PBXSourcesBuildPhase section */

/* Begin PBXVariantGroup section */
		F4C716DB27BB4A0C000EF441 /* Main.storyboard */ = {
			isa = PBXVariantGroup;
			children = (
				F4C716DC27BB4A0C000EF441 /* Base */,
			);
			name = Main.storyboard;
			sourceTree = "<group>";
		};
		F4C716E027BB4A13000EF441 /* LaunchScreen.storyboard */ = {
			isa = PBXVariantGroup;
			children = (
				F4C716E127BB4A13000EF441 /* Base */,
			);
			name = LaunchScreen.storyboard;
			sourceTree = "<group>";
		};
/* End PBXVariantGroup section */

/* Begin XCBuildConfiguration section */
		F4C716E427BB4A13000EF441 /* Debug */ = {
			isa = XCBuildConfiguration;
			buildSettings = {
				ALWAYS_SEARCH_USER_PATHS = NO;
				CLANG_ANALYZER_NONNULL = YES;
				CLANG_ANALYZER_NUMBER_OBJECT_CONVERSION = YES_AGGRESSIVE;
				CLANG_CXX_LANGUAGE_STANDARD = "gnu++14";
				CLANG_CXX_LIBRARY = "libc++";
				CLANG_ENABLE_MODULES = YES;
				CLANG_ENABLE_OBJC_ARC = YES;
				CLANG_ENABLE_OBJC_WEAK = YES;
				CLANG_WARN_BLOCK_CAPTURE_AUTORELEASING = YES;
				CLANG_WARN_BOOL_CONVERSION = YES;
				CLANG_WARN_COMMA = YES;
				CLANG_WARN_CONSTANT_CONVERSION = YES;
				CLANG_WARN_DEPRECATED_OBJC_IMPLEMENTATIONS = YES;
				CLANG_WARN_DIRECT_OBJC_ISA_USAGE = YES_ERROR;
				CLANG_WARN_DOCUMENTATION_COMMENTS = YES;
				CLANG_WARN_EMPTY_BODY = YES;
				CLANG_WARN_ENUM_CONVERSION = YES;
				CLANG_WARN_INFINITE_RECURSION = YES;
				CLANG_WARN_INT_CONVERSION = YES;
				CLANG_WARN_NON_LITERAL_NULL_CONVERSION = YES;
				CLANG_WARN_OBJC_IMPLICIT_RETAIN_SELF = YES;
				CLANG_WARN_OBJC_LITERAL_CONVERSION = YES;
				CLANG_WARN_OBJC_ROOT_CLASS = YES_ERROR;
				CLANG_WARN_RANGE_LOOP_ANALYSIS = YES;
				CLANG_WARN_STRICT_PROTOTYPES = YES;
				CLANG_WARN_SUSPICIOUS_MOVE = YES;
				CLANG_WARN_UNGUARDED_AVAILABILITY = YES_AGGRESSIVE;
				CLANG_WARN_UNREACHABLE_CODE = YES;
				CLANG_WARN__DUPLICATE_METHOD_MATCH = YES;
				COPY_PHASE_STRIP = NO;
				DEBUG_INFORMATION_FORMAT = dwarf;
				ENABLE_STRICT_OBJC_MSGSEND = YES;
				ENABLE_TESTABILITY = YES;
				GCC_C_LANGUAGE_STANDARD = gnu11;
				GCC_DYNAMIC_NO_PIC = NO;
				GCC_NO_COMMON_BLOCKS = YES;
				GCC_OPTIMIZATION_LEVEL = 0;
				GCC_PREPROCESSOR_DEFINITIONS = (
					"DEBUG=1",
					"$(inherited)",
				);
				GCC_WARN_64_TO_32_BIT_CONVERSION = YES;
				GCC_WARN_ABOUT_RETURN_TYPE = YES_ERROR;
				GCC_WARN_UNDECLARED_SELECTOR = YES;
				GCC_WARN_UNINITIALIZED_AUTOS = YES_AGGRESSIVE;
				GCC_WARN_UNUSED_FUNCTION = YES;
				GCC_WARN_UNUSED_VARIABLE = YES;
				IPHONEOS_DEPLOYMENT_TARGET = 13.5;
				MTL_ENABLE_DEBUG_INFO = INCLUDE_SOURCE;
				MTL_FAST_MATH = YES;
				ONLY_ACTIVE_ARCH = YES;
				SDKROOT = iphoneos;
				SWIFT_ACTIVE_COMPILATION_CONDITIONS = DEBUG;
				SWIFT_OPTIMIZATION_LEVEL = "-Onone";
			};
			name = Debug;
		};
		F4C716E527BB4A13000EF441 /* Release */ = {
			isa = XCBuildConfiguration;
			buildSettings = {
				ALWAYS_SEARCH_USER_PATHS = NO;
				CLANG_ANALYZER_NONNULL = YES;
				CLANG_ANALYZER_NUMBER_OBJECT_CONVERSION = YES_AGGRESSIVE;
				CLANG_CXX_LANGUAGE_STANDARD = "gnu++14";
				CLANG_CXX_LIBRARY = "libc++";
				CLANG_ENABLE_MODULES = YES;
				CLANG_ENABLE_OBJC_ARC = YES;
				CLANG_ENABLE_OBJC_WEAK = YES;
				CLANG_WARN_BLOCK_CAPTURE_AUTORELEASING = YES;
				CLANG_WARN_BOOL_CONVERSION = YES;
				CLANG_WARN_COMMA = YES;
				CLANG_WARN_CONSTANT_CONVERSION = YES;
				CLANG_WARN_DEPRECATED_OBJC_IMPLEMENTATIONS = YES;
				CLANG_WARN_DIRECT_OBJC_ISA_USAGE = YES_ERROR;
				CLANG_WARN_DOCUMENTATION_COMMENTS = YES;
				CLANG_WARN_EMPTY_BODY = YES;
				CLANG_WARN_ENUM_CONVERSION = YES;
				CLANG_WARN_INFINITE_RECURSION = YES;
				CLANG_WARN_INT_CONVERSION = YES;
				CLANG_WARN_NON_LITERAL_NULL_CONVERSION = YES;
				CLANG_WARN_OBJC_IMPLICIT_RETAIN_SELF = YES;
				CLANG_WARN_OBJC_LITERAL_CONVERSION = YES;
				CLANG_WARN_OBJC_ROOT_CLASS = YES_ERROR;
				CLANG_WARN_RANGE_LOOP_ANALYSIS = YES;
				CLANG_WARN_STRICT_PROTOTYPES = YES;
				CLANG_WARN_SUSPICIOUS_MOVE = YES;
				CLANG_WARN_UNGUARDED_AVAILABILITY = YES_AGGRESSIVE;
				CLANG_WARN_UNREACHABLE_CODE = YES;
				CLANG_WARN__DUPLICATE_METHOD_MATCH = YES;
				COPY_PHASE_STRIP = NO;
				DEBUG_INFORMATION_FORMAT = "dwarf-with-dsym";
				ENABLE_NS_ASSERTIONS = NO;
				ENABLE_STRICT_OBJC_MSGSEND = YES;
				GCC_C_LANGUAGE_STANDARD = gnu11;
				GCC_NO_COMMON_BLOCKS = YES;
				GCC_WARN_64_TO_32_BIT_CONVERSION = YES;
				GCC_WARN_ABOUT_RETURN_TYPE = YES_ERROR;
				GCC_WARN_UNDECLARED_SELECTOR = YES;
				GCC_WARN_UNINITIALIZED_AUTOS = YES_AGGRESSIVE;
				GCC_WARN_UNUSED_FUNCTION = YES;
				GCC_WARN_UNUSED_VARIABLE = YES;
				IPHONEOS_DEPLOYMENT_TARGET = 13.5;
				MTL_ENABLE_DEBUG_INFO = NO;
				MTL_FAST_MATH = YES;
				SDKROOT = iphoneos;
				SWIFT_COMPILATION_MODE = wholemodule;
				SWIFT_OPTIMIZATION_LEVEL = "-O";
				VALIDATE_PRODUCT = YES;
			};
			name = Release;
		};
		F4C716E727BB4A13000EF441 /* Debug */ = {
			isa = XCBuildConfiguration;
			buildSettings = {
				ASSETCATALOG_COMPILER_APPICON_NAME = AppIcon;
				CODE_SIGN_STYLE = Automatic;
				INFOPLIST_FILE = "uaer manager/Info.plist";
				LD_RUNPATH_SEARCH_PATHS = (
					"$(inherited)",
					"@executable_path/Frameworks",
				);
				PRODUCT_BUNDLE_IDENTIFIER = "com.unapp.uaer-manager";
				PRODUCT_NAME = "$(TARGET_NAME)";
				SWIFT_VERSION = 5.0;
				TARGETED_DEVICE_FAMILY = "1,2";
			};
			name = Debug;
		};
		F4C716E827BB4A13000EF441 /* Release */ = {
			isa = XCBuildConfiguration;
			buildSettings = {
				ASSETCATALOG_COMPILER_APPICON_NAME = AppIcon;
				CODE_SIGN_STYLE = Automatic;
				INFOPLIST_FILE = "uaer manager/Info.plist";
				LD_RUNPATH_SEARCH_PATHS = (
					"$(inherited)",
					"@executable_path/Frameworks",
				);
				PRODUCT_BUNDLE_IDENTIFIER = "com.unapp.uaer-manager";
				PRODUCT_NAME = "$(TARGET_NAME)";
				SWIFT_VERSION = 5.0;
				TARGETED_DEVICE_FAMILY = "1,2";
			};
			name = Release;
		};
/* End XCBuildConfiguration section */

/* Begin XCConfigurationList section */
		F4C716CD27BB4A0C000EF441 /* Build configuration list for PBXProject "uaer manager" */ = {
			isa = XCConfigurationList;
			buildConfigurations = (
				F4C716E427BB4A13000EF441 /* Debug */,
				F4C716E527BB4A13000EF441 /* Release */,
			);
			defaultConfigurationIsVisible = 0;
			defaultConfigurationName = Release;
		};
		F4C716E627BB4A13000EF441 /* Build configuration list for PBXNativeTarget "uaer manager" */ = {
			isa = XCConfigurationList;
			buildConfigurations = (
				F4C716E727BB4A13000EF441 /* Debug */,
				F4C716E827BB4A13000EF441 /* Release */,
			);
			defaultConfigurationIsVisible = 0;
			defaultConfigurationName = Release;
		};
/* End XCConfigurationList section */
	};
	rootObject = F4C716CA27BB4A0C000EF441 /* Project object */;
}
