// !$*UTF8*$!
{
	archiveVersion = 1;
	classes = {
	};
	objectVersion = 50;
	objects = {

/* Begin PBXBuildFile section */
		F44DD8C527D72508001ECD10 /* AppDelegate.swift in Sources */ = {isa = PBXBuildFile; fileRef = F44DD8C427D72508001ECD10 /* AppDelegate.swift */; };
		F44DD8C727D72508001ECD10 /* SceneDelegate.swift in Sources */ = {isa = PBXBuildFile; fileRef = F44DD8C627D72508001ECD10 /* SceneDelegate.swift */; };
		F44DD8C927D72508001ECD10 /* ViewController.swift in Sources */ = {isa = PBXBuildFile; fileRef = F44DD8C827D72508001ECD10 /* ViewController.swift */; };
		F44DD8CC27D72508001ECD10 /* Main.storyboard in Resources */ = {isa = PBXBuildFile; fileRef = F44DD8CA27D72508001ECD10 /* Main.storyboard */; };
		F44DD8CE27D72510001ECD10 /* Assets.xcassets in Resources */ = {isa = PBXBuildFile; fileRef = F44DD8CD27D72510001ECD10 /* Assets.xcassets */; };
		F44DD8D127D72510001ECD10 /* LaunchScreen.storyboard in Resources */ = {isa = PBXBuildFile; fileRef = F44DD8CF27D72510001ECD10 /* LaunchScreen.storyboard */; };
/* End PBXBuildFile section */

/* Begin PBXFileReference section */
		F44DD8C127D72508001ECD10 /* tenbuttons.app */ = {isa = PBXFileReference; explicitFileType = wrapper.application; includeInIndex = 0; path = tenbuttons.app; sourceTree = BUILT_PRODUCTS_DIR; };
		F44DD8C427D72508001ECD10 /* AppDelegate.swift */ = {isa = PBXFileReference; lastKnownFileType = sourcecode.swift; path = AppDelegate.swift; sourceTree = "<group>"; };
		F44DD8C627D72508001ECD10 /* SceneDelegate.swift */ = {isa = PBXFileReference; lastKnownFileType = sourcecode.swift; path = SceneDelegate.swift; sourceTree = "<group>"; };
		F44DD8C827D72508001ECD10 /* ViewController.swift */ = {isa = PBXFileReference; lastKnownFileType = sourcecode.swift; path = ViewController.swift; sourceTree = "<group>"; };
		F44DD8CB27D72508001ECD10 /* Base */ = {isa = PBXFileReference; lastKnownFileType = file.storyboard; name = Base; path = Base.lproj/Main.storyboard; sourceTree = "<group>"; };
		F44DD8CD27D72510001ECD10 /* Assets.xcassets */ = {isa = PBXFileReference; lastKnownFileType = folder.assetcatalog; path = Assets.xcassets; sourceTree = "<group>"; };
		F44DD8D027D72510001ECD10 /* Base */ = {isa = PBXFileReference; lastKnownFileType = file.storyboard; name = Base; path = Base.lproj/LaunchScreen.storyboard; sourceTree = "<group>"; };
		F44DD8D227D72510001ECD10 /* Info.plist */ = {isa = PBXFileReference; lastKnownFileType = text.plist.xml; path = Info.plist; sourceTree = "<group>"; };
/* End PBXFileReference section */

/* Begin PBXFrameworksBuildPhase section */
		F44DD8BE27D72508001ECD10 /* Frameworks */ = {
			isa = PBXFrameworksBuildPhase;
			buildActionMask = 2147483647;
			files = (
			);
			runOnlyForDeploymentPostprocessing = 0;
		};
/* End PBXFrameworksBuildPhase section */

/* Begin PBXGroup section */
		F44DD8B827D72508001ECD10 = {
			isa = PBXGroup;
			children = (
				F44DD8C327D72508001ECD10 /* tenbuttons */,
				F44DD8C227D72508001ECD10 /* Products */,
			);
			sourceTree = "<group>";
		};
		F44DD8C227D72508001ECD10 /* Products */ = {
			isa = PBXGroup;
			children = (
				F44DD8C127D72508001ECD10 /* tenbuttons.app */,
			);
			name = Products;
			sourceTree = "<group>";
		};
		F44DD8C327D72508001ECD10 /* tenbuttons */ = {
			isa = PBXGroup;
			children = (
				F44DD8C427D72508001ECD10 /* AppDelegate.swift */,
				F44DD8C627D72508001ECD10 /* SceneDelegate.swift */,
				F44DD8C827D72508001ECD10 /* ViewController.swift */,
				F44DD8CA27D72508001ECD10 /* Main.storyboard */,
				F44DD8CD27D72510001ECD10 /* Assets.xcassets */,
				F44DD8CF27D72510001ECD10 /* LaunchScreen.storyboard */,
				F44DD8D227D72510001ECD10 /* Info.plist */,
			);
			path = tenbuttons;
			sourceTree = "<group>";
		};
/* End PBXGroup section */

/* Begin PBXNativeTarget section */
		F44DD8C027D72508001ECD10 /* tenbuttons */ = {
			isa = PBXNativeTarget;
			buildConfigurationList = F44DD8D527D72510001ECD10 /* Build configuration list for PBXNativeTarget "tenbuttons" */;
			buildPhases = (
				F44DD8BD27D72508001ECD10 /* Sources */,
				F44DD8BE27D72508001ECD10 /* Frameworks */,
				F44DD8BF27D72508001ECD10 /* Resources */,
			);
			buildRules = (
			);
			dependencies = (
			);
			name = tenbuttons;
			productName = tenbuttons;
			productReference = F44DD8C127D72508001ECD10 /* tenbuttons.app */;
			productType = "com.apple.product-type.application";
		};
/* End PBXNativeTarget section */

/* Begin PBXProject section */
		F44DD8B927D72508001ECD10 /* Project object */ = {
			isa = PBXProject;
			attributes = {
				LastSwiftUpdateCheck = 1150;
				LastUpgradeCheck = 1150;
				ORGANIZATIONNAME = RF;
				TargetAttributes = {
					F44DD8C027D72508001ECD10 = {
						CreatedOnToolsVersion = 11.5;
					};
				};
			};
			buildConfigurationList = F44DD8BC27D72508001ECD10 /* Build configuration list for PBXProject "tenbuttons" */;
			compatibilityVersion = "Xcode 9.3";
			developmentRegion = en;
			hasScannedForEncodings = 0;
			knownRegions = (
				en,
				Base,
			);
			mainGroup = F44DD8B827D72508001ECD10;
			productRefGroup = F44DD8C227D72508001ECD10 /* Products */;
			projectDirPath = "";
			projectRoot = "";
			targets = (
				F44DD8C027D72508001ECD10 /* tenbuttons */,
			);
		};
/* End PBXProject section */

/* Begin PBXResourcesBuildPhase section */
		F44DD8BF27D72508001ECD10 /* Resources */ = {
			isa = PBXResourcesBuildPhase;
			buildActionMask = 2147483647;
			files = (
				F44DD8D127D72510001ECD10 /* LaunchScreen.storyboard in Resources */,
				F44DD8CE27D72510001ECD10 /* Assets.xcassets in Resources */,
				F44DD8CC27D72508001ECD10 /* Main.storyboard in Resources */,
			);
			runOnlyForDeploymentPostprocessing = 0;
		};
/* End PBXResourcesBuildPhase section */

/* Begin PBXSourcesBuildPhase section */
		F44DD8BD27D72508001ECD10 /* Sources */ = {
			isa = PBXSourcesBuildPhase;
			buildActionMask = 2147483647;
			files = (
				F44DD8C927D72508001ECD10 /* ViewController.swift in Sources */,
				F44DD8C527D72508001ECD10 /* AppDelegate.swift in Sources */,
				F44DD8C727D72508001ECD10 /* SceneDelegate.swift in Sources */,
			);
			runOnlyForDeploymentPostprocessing = 0;
		};
/* End PBXSourcesBuildPhase section */

/* Begin PBXVariantGroup section */
		F44DD8CA27D72508001ECD10 /* Main.storyboard */ = {
			isa = PBXVariantGroup;
			children = (
				F44DD8CB27D72508001ECD10 /* Base */,
			);
			name = Main.storyboard;
			sourceTree = "<group>";
		};
		F44DD8CF27D72510001ECD10 /* LaunchScreen.storyboard */ = {
			isa = PBXVariantGroup;
			children = (
				F44DD8D027D72510001ECD10 /* Base */,
			);
			name = LaunchScreen.storyboard;
			sourceTree = "<group>";
		};
/* End PBXVariantGroup section */

/* Begin XCBuildConfiguration section */
		F44DD8D327D72510001ECD10 /* Debug */ = {
			isa = XCBuildConfiguration;
			buildSettings = {
				ALWAYS_SEARCH_USER_PATHS = NO;
				CLANG_ANALYZER_NONNULL = YES;
				CLANG_ANALYZER_NUMBER_OBJECT_CONVERSION = YES_AGGRESSIVE;
				CLANG_CXX_LANGUAGE_STANDARD = "gnu++14";
				CLANG_CXX_LIBRARY = "libc++";
				CLANG_ENABLE_MODULES = YES;
				CLANG_ENABLE_OBJC_ARC = YES;
				CLANG_ENABLE_OBJC_WEAK = YES;
				CLANG_WARN_BLOCK_CAPTURE_AUTORELEASING = YES;
				CLANG_WARN_BOOL_CONVERSION = YES;
				CLANG_WARN_COMMA = YES;
				CLANG_WARN_CONSTANT_CONVERSION = YES;
				CLANG_WARN_DEPRECATED_OBJC_IMPLEMENTATIONS = YES;
				CLANG_WARN_DIRECT_OBJC_ISA_USAGE = YES_ERROR;
				CLANG_WARN_DOCUMENTATION_COMMENTS = YES;
				CLANG_WARN_EMPTY_BODY = YES;
				CLANG_WARN_ENUM_CONVERSION = YES;
				CLANG_WARN_INFINITE_RECURSION = YES;
				CLANG_WARN_INT_CONVERSION = YES;
				CLANG_WARN_NON_LITERAL_NULL_CONVERSION = YES;
				CLANG_WARN_OBJC_IMPLICIT_RETAIN_SELF = YES;
				CLANG_WARN_OBJC_LITERAL_CONVERSION = YES;
				CLANG_WARN_OBJC_ROOT_CLASS = YES_ERROR;
				CLANG_WARN_RANGE_LOOP_ANALYSIS = YES;
				CLANG_WARN_STRICT_PROTOTYPES = YES;
				CLANG_WARN_SUSPICIOUS_MOVE = YES;
				CLANG_WARN_UNGUARDED_AVAILABILITY = YES_AGGRESSIVE;
				CLANG_WARN_UNREACHABLE_CODE = YES;
				CLANG_WARN__DUPLICATE_METHOD_MATCH = YES;
				COPY_PHASE_STRIP = NO;
				DEBUG_INFORMATION_FORMAT = dwarf;
				ENABLE_STRICT_OBJC_MSGSEND = YES;
				ENABLE_TESTABILITY = YES;
				GCC_C_LANGUAGE_STANDARD = gnu11;
				GCC_DYNAMIC_NO_PIC = NO;
				GCC_NO_COMMON_BLOCKS = YES;
				GCC_OPTIMIZATION_LEVEL = 0;
				GCC_PREPROCESSOR_DEFINITIONS = (
					"DEBUG=1",
					"$(inherited)",
				);
				GCC_WARN_64_TO_32_BIT_CONVERSION = YES;
				GCC_WARN_ABOUT_RETURN_TYPE = YES_ERROR;
				GCC_WARN_UNDECLARED_SELECTOR = YES;
				GCC_WARN_UNINITIALIZED_AUTOS = YES_AGGRESSIVE;
				GCC_WARN_UNUSED_FUNCTION = YES;
				GCC_WARN_UNUSED_VARIABLE = YES;
				IPHONEOS_DEPLOYMENT_TARGET = 13.5;
				MTL_ENABLE_DEBUG_INFO = INCLUDE_SOURCE;
				MTL_FAST_MATH = YES;
				ONLY_ACTIVE_ARCH = YES;
				SDKROOT = iphoneos;
				SWIFT_ACTIVE_COMPILATION_CONDITIONS = DEBUG;
				SWIFT_OPTIMIZATION_LEVEL = "-Onone";
			};
			name = Debug;
		};
		F44DD8D427D72510001ECD10 /* Release */ = {
			isa = XCBuildConfiguration;
			buildSettings = {
				ALWAYS_SEARCH_USER_PATHS = NO;
				CLANG_ANALYZER_NONNULL = YES;
				CLANG_ANALYZER_NUMBER_OBJECT_CONVERSION = YES_AGGRESSIVE;
				CLANG_CXX_LANGUAGE_STANDARD = "gnu++14";
				CLANG_CXX_LIBRARY = "libc++";
				CLANG_ENABLE_MODULES = YES;
				CLANG_ENABLE_OBJC_ARC = YES;
				CLANG_ENABLE_OBJC_WEAK = YES;
				CLANG_WARN_BLOCK_CAPTURE_AUTORELEASING = YES;
				CLANG_WARN_BOOL_CONVERSION = YES;
				CLANG_WARN_COMMA = YES;
				CLANG_WARN_CONSTANT_CONVERSION = YES;
				CLANG_WARN_DEPRECATED_OBJC_IMPLEMENTATIONS = YES;
				CLANG_WARN_DIRECT_OBJC_ISA_USAGE = YES_ERROR;
				CLANG_WARN_DOCUMENTATION_COMMENTS = YES;
				CLANG_WARN_EMPTY_BODY = YES;
				CLANG_WARN_ENUM_CONVERSION = YES;
				CLANG_WARN_INFINITE_RECURSION = YES;
				CLANG_WARN_INT_CONVERSION = YES;
				CLANG_WARN_NON_LITERAL_NULL_CONVERSION = YES;
				CLANG_WARN_OBJC_IMPLICIT_RETAIN_SELF = YES;
				CLANG_WARN_OBJC_LITERAL_CONVERSION = YES;
				CLANG_WARN_OBJC_ROOT_CLASS = YES_ERROR;
				CLANG_WARN_RANGE_LOOP_ANALYSIS = YES;
				CLANG_WARN_STRICT_PROTOTYPES = YES;
				CLANG_WARN_SUSPICIOUS_MOVE = YES;
				CLANG_WARN_UNGUARDED_AVAILABILITY = YES_AGGRESSIVE;
				CLANG_WARN_UNREACHABLE_CODE = YES;
				CLANG_WARN__DUPLICATE_METHOD_MATCH = YES;
				COPY_PHASE_STRIP = NO;
				DEBUG_INFORMATION_FORMAT = "dwarf-with-dsym";
				ENABLE_NS_ASSERTIONS = NO;
				ENABLE_STRICT_OBJC_MSGSEND = YES;
				GCC_C_LANGUAGE_STANDARD = gnu11;
				GCC_NO_COMMON_BLOCKS = YES;
				GCC_WARN_64_TO_32_BIT_CONVERSION = YES;
				GCC_WARN_ABOUT_RETURN_TYPE = YES_ERROR;
				GCC_WARN_UNDECLARED_SELECTOR = YES;
				GCC_WARN_UNINITIALIZED_AUTOS = YES_AGGRESSIVE;
				GCC_WARN_UNUSED_FUNCTION = YES;
				GCC_WARN_UNUSED_VARIABLE = YES;
				IPHONEOS_DEPLOYMENT_TARGET = 13.5;
				MTL_ENABLE_DEBUG_INFO = NO;
				MTL_FAST_MATH = YES;
				SDKROOT = iphoneos;
				SWIFT_COMPILATION_MODE = wholemodule;
				SWIFT_OPTIMIZATION_LEVEL = "-O";
				VALIDATE_PRODUCT = YES;
			};
			name = Release;
		};
		F44DD8D627D72510001ECD10 /* Debug */ = {
			isa = XCBuildConfiguration;
			buildSettings = {
				ASSETCATALOG_COMPILER_APPICON_NAME = AppIcon;
				CODE_SIGN_STYLE = Automatic;
				INFOPLIST_FILE = tenbuttons/Info.plist;
				LD_RUNPATH_SEARCH_PATHS = (
					"$(inherited)",
					"@executable_path/Frameworks",
				);
				PRODUCT_BUNDLE_IDENTIFIER = com.unapp.tenbuttons;
				PRODUCT_NAME = "$(TARGET_NAME)";
				SWIFT_VERSION = 5.0;
				TARGETED_DEVICE_FAMILY = "1,2";
			};
			name = Debug;
		};
		F44DD8D727D72510001ECD10 /* Release */ = {
			isa = XCBuildConfiguration;
			buildSettings = {
				ASSETCATALOG_COMPILER_APPICON_NAME = AppIcon;
				CODE_SIGN_STYLE = Automatic;
				INFOPLIST_FILE = tenbuttons/Info.plist;
				LD_RUNPATH_SEARCH_PATHS = (
					"$(inherited)",
					"@executable_path/Frameworks",
				);
				PRODUCT_BUNDLE_IDENTIFIER = com.unapp.tenbuttons;
				PRODUCT_NAME = "$(TARGET_NAME)";
				SWIFT_VERSION = 5.0;
				TARGETED_DEVICE_FAMILY = "1,2";
			};
			name = Release;
		};
/* End XCBuildConfiguration section */

/* Begin XCConfigurationList section */
		F44DD8BC27D72508001ECD10 /* Build configuration list for PBXProject "tenbuttons" */ = {
			isa = XCConfigurationList;
			buildConfigurations = (
				F44DD8D327D72510001ECD10 /* Debug */,
				F44DD8D427D72510001ECD10 /* Release */,
			);
			defaultConfigurationIsVisible = 0;
			defaultConfigurationName = Release;
		};
		F44DD8D527D72510001ECD10 /* Build configuration list for PBXNativeTarget "tenbuttons" */ = {
			isa = XCConfigurationList;
			buildConfigurations = (
				F44DD8D627D72510001ECD10 /* Debug */,
				F44DD8D727D72510001ECD10 /* Release */,
			);
			defaultConfigurationIsVisible = 0;
			defaultConfigurationName = Release;
		};
/* End XCConfigurationList section */
	};
	rootObject = F44DD8B927D72508001ECD10 /* Project object */;
}
